// !$*UTF8*$!
{
	archiveVersion = 1;
	classes = {
	};
	objectVersion = 51;
	objects = {

/* Begin PBXBuildFile section */
		40172403234FAC8A0068E8F7 /* AppDelegate.swift in Sources */ = {isa = PBXBuildFile; fileRef = 40172402234FAC8A0068E8F7 /* AppDelegate.swift */; };
		402008EE21DEEF9D006E00CB /* StoreKit.framework in Frameworks */ = {isa = PBXBuildFile; fileRef = 402008ED21DEEF9D006E00CB /* StoreKit.framework */; };
		40423B31219EF73E00ADAB6E /* ApplicationCredentials.swift in Sources */ = {isa = PBXBuildFile; fileRef = 40423B30219EF73E00ADAB6E /* ApplicationCredentials.swift */; };
		40423B35219F4E4300ADAB6E /* ZappStyles.json in Resources */ = {isa = PBXBuildFile; fileRef = 40423B34219F4E4200ADAB6E /* ZappStyles.json */; };
		4077CA79219B654C007471DC /* Main.storyboard in Resources */ = {isa = PBXBuildFile; fileRef = 4077CA77219B654C007471DC /* Main.storyboard */; };
		407851C423C60AC9006E4EAC /* AppDelegateBase.swift in Sources */ = {isa = PBXBuildFile; fileRef = 407851C323C60AC9006E4EAC /* AppDelegateBase.swift */; };
		407851C523C60AC9006E4EAC /* AppDelegateBase.swift in Sources */ = {isa = PBXBuildFile; fileRef = 407851C323C60AC9006E4EAC /* AppDelegateBase.swift */; };
		40C4C3942343CBA000C9B07D /* dummy.swift in Sources */ = {isa = PBXBuildFile; fileRef = 40C4C3932343CBA000C9B07D /* dummy.swift */; };
		40E4650D2344F3C9002D16E7 /* CoreSpotlight.framework in Frameworks */ = {isa = PBXBuildFile; fileRef = 40E4650C2344F3C9002D16E7 /* CoreSpotlight.framework */; };
		40E4651A2344FBF8002D16E7 /* Main.storyboard in Resources */ = {isa = PBXBuildFile; fileRef = 40E465182344FBF8002D16E7 /* Main.storyboard */; };
		40E4651C2344FBF9002D16E7 /* Assets.xcassets in Resources */ = {isa = PBXBuildFile; fileRef = 40E4651B2344FBF9002D16E7 /* Assets.xcassets */; };
		40E465342344FE02002D16E7 /* AppDelegate.swift in Sources */ = {isa = PBXBuildFile; fileRef = 4077CA73219B654C007471DC /* AppDelegate.swift */; };
		40E46536234500A6002D16E7 /* StoreKit.framework in Frameworks */ = {isa = PBXBuildFile; fileRef = 40E46535234500A6002D16E7 /* StoreKit.framework */; };
		40E46538234500B1002D16E7 /* CoreSpotlight.framework in Frameworks */ = {isa = PBXBuildFile; fileRef = 40E46537234500B1002D16E7 /* CoreSpotlight.framework */; };
		40E4655C23453FC6002D16E7 /* ApplicationCredentials.swift in Sources */ = {isa = PBXBuildFile; fileRef = 40423B30219EF73E00ADAB6E /* ApplicationCredentials.swift */; };
		40E4655D23453FF5002D16E7 /* ZappStyles.json in Resources */ = {isa = PBXBuildFile; fileRef = 40423B34219F4E4200ADAB6E /* ZappStyles.json */; };
		40E4657323465D1A002D16E7 /* FeaturesCustomization.plist in Resources */ = {isa = PBXBuildFile; fileRef = 40E4657223465D1A002D16E7 /* FeaturesCustomization.plist */; };
		40E4657423465D1A002D16E7 /* FeaturesCustomization.plist in Resources */ = {isa = PBXBuildFile; fileRef = 40E4657223465D1A002D16E7 /* FeaturesCustomization.plist */; };
		570505483695A02BBA8892B5 /* Pods_ZappTvOS.framework in Frameworks */ = {isa = PBXBuildFile; fileRef = 842D638EEC1FFB29AEFED465 /* Pods_ZappTvOS.framework */; };
		8608A0C4237DE5CF00AE3DBE /* Assets.xcassets in Resources */ = {isa = PBXBuildFile; fileRef = 4077CA7A219B654E007471DC /* Assets.xcassets */; };
		95732F4E5CF8C7C8EB98273D /* Pods_ZappAppleTests.framework in Frameworks */ = {isa = PBXBuildFile; fileRef = A80238A9078EA943A2308337 /* Pods_ZappAppleTests.framework */; };
/* End PBXBuildFile section */

/* Begin PBXContainerItemProxy section */
		4077CA82219B654E007471DC /* PBXContainerItemProxy */ = {
			isa = PBXContainerItemProxy;
			containerPortal = 4077CA68219B654C007471DC /* Project object */;
			proxyType = 1;
			remoteGlobalIDString = 4077CA6F219B654C007471DC;
			remoteInfo = ZappTvOS;
		};
/* End PBXContainerItemProxy section */

/* Begin PBXFileReference section */
		0F0801E121A4819B00BAC4BD /* ZappTvOS-Bridging-Header.h */ = {isa = PBXFileReference; lastKnownFileType = sourcecode.c.h; path = "ZappTvOS-Bridging-Header.h"; sourceTree = "<group>"; };
		29CC320989F53B579855E1A1 /* Pods-ZappAppleTests.release.xcconfig */ = {isa = PBXFileReference; includeInIndex = 1; lastKnownFileType = text.xcconfig; name = "Pods-ZappAppleTests.release.xcconfig"; path = "Pods/Target Support Files/Pods-ZappAppleTests/Pods-ZappAppleTests.release.xcconfig"; sourceTree = "<group>"; };
		40172402234FAC8A0068E8F7 /* AppDelegate.swift */ = {isa = PBXFileReference; fileEncoding = 4; lastKnownFileType = sourcecode.swift; path = AppDelegate.swift; sourceTree = "<group>"; };
		402008ED21DEEF9D006E00CB /* StoreKit.framework */ = {isa = PBXFileReference; lastKnownFileType = wrapper.framework; name = StoreKit.framework; path = System/Library/Frameworks/StoreKit.framework; sourceTree = SDKROOT; };
		402008EF21DEEFA5006E00CB /* ZappTvOS-Release.entitlements */ = {isa = PBXFileReference; lastKnownFileType = text.plist.entitlements; path = "ZappTvOS-Release.entitlements"; sourceTree = "<group>"; };
		40423B30219EF73E00ADAB6E /* ApplicationCredentials.swift */ = {isa = PBXFileReference; lastKnownFileType = sourcecode.swift; path = ApplicationCredentials.swift; sourceTree = "<group>"; };
		40423B34219F4E4200ADAB6E /* ZappStyles.json */ = {isa = PBXFileReference; fileEncoding = 4; lastKnownFileType = text.json; path = ZappStyles.json; sourceTree = "<group>"; };
		4077CA70219B654C007471DC /* ZappTvOS.app */ = {isa = PBXFileReference; explicitFileType = wrapper.application; includeInIndex = 0; path = ZappTvOS.app; sourceTree = BUILT_PRODUCTS_DIR; };
		4077CA73219B654C007471DC /* AppDelegate.swift */ = {isa = PBXFileReference; lastKnownFileType = sourcecode.swift; path = AppDelegate.swift; sourceTree = "<group>"; };
		4077CA78219B654C007471DC /* Base */ = {isa = PBXFileReference; lastKnownFileType = file.storyboard; name = Base; path = Base.lproj/Main.storyboard; sourceTree = "<group>"; };
		4077CA7A219B654E007471DC /* Assets.xcassets */ = {isa = PBXFileReference; lastKnownFileType = folder.assetcatalog; path = Assets.xcassets; sourceTree = "<group>"; };
		4077CA7C219B654E007471DC /* Info.plist */ = {isa = PBXFileReference; lastKnownFileType = text.plist.xml; path = Info.plist; sourceTree = "<group>"; };
		4077CA81219B654E007471DC /* ZappAppleTests.xctest */ = {isa = PBXFileReference; explicitFileType = wrapper.cfbundle; includeInIndex = 0; path = ZappAppleTests.xctest; sourceTree = BUILT_PRODUCTS_DIR; };
		4077CA87219B654E007471DC /* Info.plist */ = {isa = PBXFileReference; lastKnownFileType = text.plist.xml; path = Info.plist; sourceTree = "<group>"; };
		407851C323C60AC9006E4EAC /* AppDelegateBase.swift */ = {isa = PBXFileReference; lastKnownFileType = sourcecode.swift; path = AppDelegateBase.swift; sourceTree = "<group>"; };
		40C4C3922343CBA000C9B07D /* ZappAppleTests-Bridging-Header.h */ = {isa = PBXFileReference; lastKnownFileType = sourcecode.c.h; path = "ZappAppleTests-Bridging-Header.h"; sourceTree = "<group>"; };
		40C4C3932343CBA000C9B07D /* dummy.swift */ = {isa = PBXFileReference; lastKnownFileType = sourcecode.swift; path = dummy.swift; sourceTree = "<group>"; };
		40E4650C2344F3C9002D16E7 /* CoreSpotlight.framework */ = {isa = PBXFileReference; lastKnownFileType = wrapper.framework; name = CoreSpotlight.framework; path = System/Library/Frameworks/CoreSpotlight.framework; sourceTree = SDKROOT; };
		40E465122344FBF8002D16E7 /* ZappIOS.app */ = {isa = PBXFileReference; explicitFileType = wrapper.application; includeInIndex = 0; path = ZappIOS.app; sourceTree = BUILT_PRODUCTS_DIR; };
		40E465192344FBF8002D16E7 /* Base */ = {isa = PBXFileReference; lastKnownFileType = file.storyboard; name = Base; path = Base.lproj/Main.storyboard; sourceTree = "<group>"; };
		40E4651B2344FBF9002D16E7 /* Assets.xcassets */ = {isa = PBXFileReference; lastKnownFileType = folder.assetcatalog; path = Assets.xcassets; sourceTree = "<group>"; };
		40E465202344FBF9002D16E7 /* Info.plist */ = {isa = PBXFileReference; lastKnownFileType = text.plist.xml; path = Info.plist; sourceTree = "<group>"; };
		40E465332344FDD2002D16E7 /* ZappiOS-Bridging-Header.h */ = {isa = PBXFileReference; lastKnownFileType = sourcecode.c.h; path = "ZappiOS-Bridging-Header.h"; sourceTree = "<group>"; };
		40E46535234500A6002D16E7 /* StoreKit.framework */ = {isa = PBXFileReference; lastKnownFileType = wrapper.framework; name = StoreKit.framework; path = Platforms/iPhoneOS.platform/Developer/SDKs/iPhoneOS12.4.sdk/System/Library/Frameworks/StoreKit.framework; sourceTree = DEVELOPER_DIR; };
		40E46537234500B1002D16E7 /* CoreSpotlight.framework */ = {isa = PBXFileReference; lastKnownFileType = wrapper.framework; name = CoreSpotlight.framework; path = Platforms/iPhoneOS.platform/Developer/SDKs/iPhoneOS12.4.sdk/System/Library/Frameworks/CoreSpotlight.framework; sourceTree = DEVELOPER_DIR; };
		40E46539234505BF002D16E7 /* ZappiOS-Release.entitlements */ = {isa = PBXFileReference; fileEncoding = 4; lastKnownFileType = text.plist.entitlements; path = "ZappiOS-Release.entitlements"; sourceTree = "<group>"; };
		40E465702346489D002D16E7 /* ZappiOS-Debug.entitlements */ = {isa = PBXFileReference; fileEncoding = 4; lastKnownFileType = text.plist.entitlements; path = "ZappiOS-Debug.entitlements"; sourceTree = "<group>"; };
		40E46571234648E3002D16E7 /* ZappTvOS-Debug.entitlements */ = {isa = PBXFileReference; fileEncoding = 4; lastKnownFileType = text.plist.entitlements; path = "ZappTvOS-Debug.entitlements"; sourceTree = "<group>"; };
		40E4657223465D1A002D16E7 /* FeaturesCustomization.plist */ = {isa = PBXFileReference; fileEncoding = 4; lastKnownFileType = text.plist.xml; path = FeaturesCustomization.plist; sourceTree = "<group>"; };
		49979598D1F33FD69D9B3B34 /* Pods-ZappAppleTests.debug.xcconfig */ = {isa = PBXFileReference; includeInIndex = 1; lastKnownFileType = text.xcconfig; name = "Pods-ZappAppleTests.debug.xcconfig"; path = "Pods/Target Support Files/Pods-ZappAppleTests/Pods-ZappAppleTests.debug.xcconfig"; sourceTree = "<group>"; };
		4CCAA475EB9387E3A17E0FD4 /* Pods-ZappTvOS.debug.xcconfig */ = {isa = PBXFileReference; includeInIndex = 1; lastKnownFileType = text.xcconfig; name = "Pods-ZappTvOS.debug.xcconfig"; path = "Pods/Target Support Files/Pods-ZappTvOS/Pods-ZappTvOS.debug.xcconfig"; sourceTree = "<group>"; };
		61F0A7835B501BB4EE05BCE6 /* Pods-ZappTvOS.release.xcconfig */ = {isa = PBXFileReference; includeInIndex = 1; lastKnownFileType = text.xcconfig; name = "Pods-ZappTvOS.release.xcconfig"; path = "Pods/Target Support Files/Pods-ZappTvOS/Pods-ZappTvOS.release.xcconfig"; sourceTree = "<group>"; };
		842D638EEC1FFB29AEFED465 /* Pods_ZappTvOS.framework */ = {isa = PBXFileReference; explicitFileType = wrapper.framework; includeInIndex = 0; path = Pods_ZappTvOS.framework; sourceTree = BUILT_PRODUCTS_DIR; };
		A80238A9078EA943A2308337 /* Pods_ZappAppleTests.framework */ = {isa = PBXFileReference; explicitFileType = wrapper.framework; includeInIndex = 0; path = Pods_ZappAppleTests.framework; sourceTree = BUILT_PRODUCTS_DIR; };
/* End PBXFileReference section */

/* Begin PBXFrameworksBuildPhase section */
		4077CA6D219B654C007471DC /* Frameworks */ = {
			isa = PBXFrameworksBuildPhase;
			buildActionMask = 2147483647;
			files = (
				402008EE21DEEF9D006E00CB /* StoreKit.framework in Frameworks */,
				40E4650D2344F3C9002D16E7 /* CoreSpotlight.framework in Frameworks */,
				570505483695A02BBA8892B5 /* Pods_ZappTvOS.framework in Frameworks */,
			);
			runOnlyForDeploymentPostprocessing = 0;
		};
		4077CA7E219B654E007471DC /* Frameworks */ = {
			isa = PBXFrameworksBuildPhase;
			buildActionMask = 2147483647;
			files = (
				95732F4E5CF8C7C8EB98273D /* Pods_ZappAppleTests.framework in Frameworks */,
			);
			runOnlyForDeploymentPostprocessing = 0;
		};
		40E4650F2344FBF8002D16E7 /* Frameworks */ = {
			isa = PBXFrameworksBuildPhase;
			buildActionMask = 2147483647;
			files = (
				40E46538234500B1002D16E7 /* CoreSpotlight.framework in Frameworks */,
				40E46536234500A6002D16E7 /* StoreKit.framework in Frameworks */,
			);
			runOnlyForDeploymentPostprocessing = 0;
		};
/* End PBXFrameworksBuildPhase section */

/* Begin PBXGroup section */
		31D9D41957D92EE65B4965EB /* Pods */ = {
			isa = PBXGroup;
			children = (
				49979598D1F33FD69D9B3B34 /* Pods-ZappAppleTests.debug.xcconfig */,
				29CC320989F53B579855E1A1 /* Pods-ZappAppleTests.release.xcconfig */,
				4CCAA475EB9387E3A17E0FD4 /* Pods-ZappTvOS.debug.xcconfig */,
				61F0A7835B501BB4EE05BCE6 /* Pods-ZappTvOS.release.xcconfig */,
			);
			name = Pods;
			sourceTree = "<group>";
		};
		40423B2F219EF70000ADAB6E /* Customization */ = {
			isa = PBXGroup;
			children = (
				40E4657223465D1A002D16E7 /* FeaturesCustomization.plist */,
				40423B34219F4E4200ADAB6E /* ZappStyles.json */,
				40423B30219EF73E00ADAB6E /* ApplicationCredentials.swift */,
			);
			path = Customization;
			sourceTree = "<group>";
		};
		4077CA67219B654C007471DC = {
			isa = PBXGroup;
			children = (
				40E465252344FC40002D16E7 /* ZappApple */,
				40E465132344FBF8002D16E7 /* ZappiOS */,
				4077CA72219B654C007471DC /* ZappTvOS */,
				4077CA84219B654E007471DC /* ZappAppleTests */,
				4077CA71219B654C007471DC /* Products */,
				31D9D41957D92EE65B4965EB /* Pods */,
				838C517A3B7EEDB60B6AC493 /* Frameworks */,
			);
			sourceTree = "<group>";
		};
		4077CA71219B654C007471DC /* Products */ = {
			isa = PBXGroup;
			children = (
				4077CA70219B654C007471DC /* ZappTvOS.app */,
				4077CA81219B654E007471DC /* ZappAppleTests.xctest */,
				40E465122344FBF8002D16E7 /* ZappIOS.app */,
			);
			name = Products;
			sourceTree = "<group>";
		};
		4077CA72219B654C007471DC /* ZappTvOS */ = {
			isa = PBXGroup;
			children = (
				40172402234FAC8A0068E8F7 /* AppDelegate.swift */,
				0F0801E121A4819B00BAC4BD /* ZappTvOS-Bridging-Header.h */,
				40E46571234648E3002D16E7 /* ZappTvOS-Debug.entitlements */,
				402008EF21DEEFA5006E00CB /* ZappTvOS-Release.entitlements */,
				4077CA77219B654C007471DC /* Main.storyboard */,
				4077CA7A219B654E007471DC /* Assets.xcassets */,
				4077CA7C219B654E007471DC /* Info.plist */,
			);
			path = ZappTvOS;
			sourceTree = "<group>";
		};
		4077CA84219B654E007471DC /* ZappAppleTests */ = {
			isa = PBXGroup;
			children = (
				4077CA87219B654E007471DC /* Info.plist */,
				40C4C3932343CBA000C9B07D /* dummy.swift */,
				40C4C3922343CBA000C9B07D /* ZappAppleTests-Bridging-Header.h */,
			);
			path = ZappAppleTests;
			sourceTree = "<group>";
		};
		40E465132344FBF8002D16E7 /* ZappiOS */ = {
			isa = PBXGroup;
			children = (
				4077CA73219B654C007471DC /* AppDelegate.swift */,
				40E465332344FDD2002D16E7 /* ZappiOS-Bridging-Header.h */,
				40E46539234505BF002D16E7 /* ZappiOS-Release.entitlements */,
				40E465702346489D002D16E7 /* ZappiOS-Debug.entitlements */,
				40E465182344FBF8002D16E7 /* Main.storyboard */,
				40E4651B2344FBF9002D16E7 /* Assets.xcassets */,
				40E465202344FBF9002D16E7 /* Info.plist */,
			);
			path = ZappiOS;
			sourceTree = "<group>";
		};
		40E465252344FC40002D16E7 /* ZappApple */ = {
			isa = PBXGroup;
			children = (
				40423B2F219EF70000ADAB6E /* Customization */,
				407851C323C60AC9006E4EAC /* AppDelegateBase.swift */,
			);
			path = ZappApple;
			sourceTree = "<group>";
		};
		838C517A3B7EEDB60B6AC493 /* Frameworks */ = {
			isa = PBXGroup;
			children = (
				40E46537234500B1002D16E7 /* CoreSpotlight.framework */,
				40E46535234500A6002D16E7 /* StoreKit.framework */,
				40E4650C2344F3C9002D16E7 /* CoreSpotlight.framework */,
				402008ED21DEEF9D006E00CB /* StoreKit.framework */,
				A80238A9078EA943A2308337 /* Pods_ZappAppleTests.framework */,
				842D638EEC1FFB29AEFED465 /* Pods_ZappTvOS.framework */,
			);
			name = Frameworks;
			sourceTree = "<group>";
		};
/* End PBXGroup section */

/* Begin PBXNativeTarget section */
		4077CA6F219B654C007471DC /* ZappTvOS */ = {
			isa = PBXNativeTarget;
			buildConfigurationList = 4077CA95219B654E007471DC /* Build configuration list for PBXNativeTarget "ZappTvOS" */;
			buildPhases = (
				77B7BC983CC42F1E374DB86A /* [CP] Check Pods Manifest.lock */,
				4077CA6C219B654C007471DC /* Sources */,
				4077CA6D219B654C007471DC /* Frameworks */,
				4077CA6E219B654C007471DC /* Resources */,
				40878E2F219CE50D006850CC /* Copy Bundle Resources */,
				4077CAC4219CA048007471DC /* Fix Xcode10 bug, were dev pods does not recompile */,
				0FFE20B821B024C4008E7790 /* Run React Native Packager */,
				AED5658E33529D33C5823463 /* [CP] Embed Pods Frameworks */,
			);
			buildRules = (
			);
			dependencies = (
			);
			name = ZappTvOS;
			productName = ZappTvOS;
			productReference = 4077CA70219B654C007471DC /* ZappTvOS.app */;
			productType = "com.apple.product-type.application";
		};
		4077CA80219B654E007471DC /* ZappAppleTests */ = {
			isa = PBXNativeTarget;
			buildConfigurationList = 4077CA98219B654E007471DC /* Build configuration list for PBXNativeTarget "ZappAppleTests" */;
			buildPhases = (
				F4223CABD1B48FAEA8A55196 /* [CP] Check Pods Manifest.lock */,
				4077CA7D219B654E007471DC /* Sources */,
				4077CA7E219B654E007471DC /* Frameworks */,
				4077CA7F219B654E007471DC /* Resources */,
			);
			buildRules = (
			);
			dependencies = (
				4077CA83219B654E007471DC /* PBXTargetDependency */,
			);
			name = ZappAppleTests;
			productName = ZappTvOSTests;
			productReference = 4077CA81219B654E007471DC /* ZappAppleTests.xctest */;
			productType = "com.apple.product-type.bundle.unit-test";
		};
		40E465112344FBF8002D16E7 /* ZappiOS */ = {
			isa = PBXNativeTarget;
			buildConfigurationList = 40E465232344FBF9002D16E7 /* Build configuration list for PBXNativeTarget "ZappiOS" */;
			buildPhases = (
				40E4650E2344FBF8002D16E7 /* Sources */,
				40E4650F2344FBF8002D16E7 /* Frameworks */,
				40E465102344FBF8002D16E7 /* Resources */,
				40E4655E23454470002D16E7 /* Copy Bundle Resources to App */,
				40E5F0652363747200DB83E5 /* Run xcode fix */,
				40E4655B23453566002D16E7 /* Run React Native Packager */,
			);
			buildRules = (
			);
			dependencies = (
			);
			name = ZappiOS;
			productName = ZappiOS;
			productReference = 40E465122344FBF8002D16E7 /* ZappIOS.app */;
			productType = "com.apple.product-type.application";
		};
/* End PBXNativeTarget section */

/* Begin PBXProject section */
		4077CA68219B654C007471DC /* Project object */ = {
			isa = PBXProject;
			attributes = {
				LastSwiftUpdateCheck = 1030;
				LastUpgradeCheck = 1010;
				ORGANIZATIONNAME = "Anton Kononenko";
				TargetAttributes = {
					4077CA6F219B654C007471DC = {
						CreatedOnToolsVersion = 10.1;
						LastSwiftMigration = 1000;
						SystemCapabilities = {
							com.apple.GameCenter.iOS = {
								enabled = 0;
							};
							com.apple.InAppPurchase = {
								enabled = 1;
							};
							com.apple.Push = {
								enabled = 1;
							};
							com.apple.SafariKeychain = {
								enabled = 0;
							};
						};
					};
					4077CA80219B654E007471DC = {
						CreatedOnToolsVersion = 10.1;
						LastSwiftMigration = 1030;
					};
					40E465112344FBF8002D16E7 = {
						CreatedOnToolsVersion = 10.3;
					};
				};
			};
			buildConfigurationList = 4077CA6B219B654C007471DC /* Build configuration list for PBXProject "ZappApple" */;
			compatibilityVersion = "Xcode 9.3";
			developmentRegion = en;
			hasScannedForEncodings = 0;
			knownRegions = (
				en,
				Base,
			);
			mainGroup = 4077CA67219B654C007471DC;
			productRefGroup = 4077CA71219B654C007471DC /* Products */;
			projectDirPath = "";
			projectRoot = "";
			targets = (
				4077CA6F219B654C007471DC /* ZappTvOS */,
				40E465112344FBF8002D16E7 /* ZappiOS */,
				4077CA80219B654E007471DC /* ZappAppleTests */,
			);
		};
/* End PBXProject section */

/* Begin PBXResourcesBuildPhase section */
		4077CA6E219B654C007471DC /* Resources */ = {
			isa = PBXResourcesBuildPhase;
			buildActionMask = 2147483647;
			files = (
				40423B35219F4E4300ADAB6E /* ZappStyles.json in Resources */,
				40E4657323465D1A002D16E7 /* FeaturesCustomization.plist in Resources */,
				8608A0C4237DE5CF00AE3DBE /* Assets.xcassets in Resources */,
				4077CA79219B654C007471DC /* Main.storyboard in Resources */,
			);
			runOnlyForDeploymentPostprocessing = 0;
		};
		4077CA7F219B654E007471DC /* Resources */ = {
			isa = PBXResourcesBuildPhase;
			buildActionMask = 2147483647;
			files = (
			);
			runOnlyForDeploymentPostprocessing = 0;
		};
		40E465102344FBF8002D16E7 /* Resources */ = {
			isa = PBXResourcesBuildPhase;
			buildActionMask = 2147483647;
			files = (
				40E4655D23453FF5002D16E7 /* ZappStyles.json in Resources */,
				40E4657423465D1A002D16E7 /* FeaturesCustomization.plist in Resources */,
				40E4651C2344FBF9002D16E7 /* Assets.xcassets in Resources */,
				40E4651A2344FBF8002D16E7 /* Main.storyboard in Resources */,
			);
			runOnlyForDeploymentPostprocessing = 0;
		};
/* End PBXResourcesBuildPhase section */

/* Begin PBXShellScriptBuildPhase section */
		0FFE20B821B024C4008E7790 /* Run React Native Packager */ = {
			isa = PBXShellScriptBuildPhase;
			buildActionMask = 2147483647;
			files = (
			);
			inputFileListPaths = (
			);
			inputPaths = (
			);
			name = "Run React Native Packager";
			outputFileListPaths = (
			);
			outputPaths = (
			);
			runOnlyForDeploymentPostprocessing = 0;
			shellPath = /bin/sh;
			shellScript = "sh \"${SRCROOT}/Scripts/run-react-server.sh\"\n";
		};
		4077CAC4219CA048007471DC /* Fix Xcode10 bug, were dev pods does not recompile */ = {
			isa = PBXShellScriptBuildPhase;
			buildActionMask = 2147483647;
			files = (
			);
			inputPaths = (
			);
			name = "Fix Xcode10 bug, were dev pods does not recompile";
			outputPaths = (
			);
			runOnlyForDeploymentPostprocessing = 0;
			shellPath = /bin/sh;
			shellScript = "# This fix must be removed after Xcode 10 fix will be release by apple\n# Prevent clearing project cache after user changes any line of code in dev pods\nfind \"${SRCROOT}/Pods\" -type f -name *frameworks.sh -exec bash -c \"touch \\\"{}\\\"\" \\;\n";
		};
		40878E2F219CE50D006850CC /* Copy Bundle Resources */ = {
			isa = PBXShellScriptBuildPhase;
			buildActionMask = 2147483647;
			files = (
			);
			inputFileListPaths = (
			);
			inputPaths = (
			);
			name = "Copy Bundle Resources";
			outputFileListPaths = (
			);
			outputPaths = (
			);
			runOnlyForDeploymentPostprocessing = 0;
			shellPath = /bin/sh;
			shellScript = "echo \"*** Copy Application resources to the build product ***\"\n\ncp -r \"${SRCROOT}/ZappTvOS/Resources/\" \"${BUILT_PRODUCTS_DIR}/${PRODUCT_NAME}.app\"\n\n";
		};
		40E4655B23453566002D16E7 /* Run React Native Packager */ = {
			isa = PBXShellScriptBuildPhase;
			buildActionMask = 2147483647;
			files = (
			);
			inputFileListPaths = (
			);
			inputPaths = (
			);
			name = "Run React Native Packager";
			outputFileListPaths = (
			);
			outputPaths = (
			);
			runOnlyForDeploymentPostprocessing = 0;
			shellPath = /bin/sh;
			shellScript = "sh \"${SRCROOT}/Scripts/run-react-server.sh\"\n";
		};
		40E4655E23454470002D16E7 /* Copy Bundle Resources to App */ = {
			isa = PBXShellScriptBuildPhase;
			buildActionMask = 2147483647;
			files = (
			);
			inputFileListPaths = (
			);
			inputPaths = (
			);
			name = "Copy Bundle Resources to App";
			outputFileListPaths = (
			);
			outputPaths = (
			);
			runOnlyForDeploymentPostprocessing = 0;
			shellPath = /bin/sh;
			shellScript = "echo \"*** Copy Application resources to the build product ***\"\n\ncp -r \"${SRCROOT}/ZappiOS/Resources/\" \"${BUILT_PRODUCTS_DIR}/${PRODUCT_NAME}.app\"\n";
		};
		40E5F0652363747200DB83E5 /* Run xcode fix */ = {
			isa = PBXShellScriptBuildPhase;
			buildActionMask = 2147483647;
			files = (
			);
			inputFileListPaths = (
			);
			inputPaths = (
			);
			name = "Run xcode fix";
			outputFileListPaths = (
			);
			outputPaths = (
			);
			runOnlyForDeploymentPostprocessing = 0;
			shellPath = /bin/sh;
			shellScript = "# This fix must be removed after Xcode 10 fix will be release by apple\n# Prevent clearing project cache after user changes any line of code in dev pods\nfind \"${SRCROOT}/Pods\" -type f -name *frameworks.sh -exec bash -c \"touch \\\"{}\\\"\" \\;\n";
		};
		77B7BC983CC42F1E374DB86A /* [CP] Check Pods Manifest.lock */ = {
			isa = PBXShellScriptBuildPhase;
			buildActionMask = 2147483647;
			files = (
			);
			inputFileListPaths = (
			);
			inputPaths = (
				"${PODS_PODFILE_DIR_PATH}/Podfile.lock",
				"${PODS_ROOT}/Manifest.lock",
			);
			name = "[CP] Check Pods Manifest.lock";
			outputFileListPaths = (
			);
			outputPaths = (
				"$(DERIVED_FILE_DIR)/Pods-ZappTvOS-checkManifestLockResult.txt",
			);
			runOnlyForDeploymentPostprocessing = 0;
			shellPath = /bin/sh;
			shellScript = "diff \"${PODS_PODFILE_DIR_PATH}/Podfile.lock\" \"${PODS_ROOT}/Manifest.lock\" > /dev/null\nif [ $? != 0 ] ; then\n    # print error to STDERR\n    echo \"error: The sandbox is not in sync with the Podfile.lock. Run 'pod install' or update your CocoaPods installation.\" >&2\n    exit 1\nfi\n# This output is used by Xcode 'outputs' to avoid re-running this script phase.\necho \"SUCCESS\" > \"${SCRIPT_OUTPUT_FILE_0}\"\n";
			showEnvVarsInLog = 0;
		};
		AED5658E33529D33C5823463 /* [CP] Embed Pods Frameworks */ = {
			isa = PBXShellScriptBuildPhase;
			buildActionMask = 2147483647;
			files = (
			);
			inputFileListPaths = (
				"${PODS_ROOT}/Target Support Files/Pods-ZappTvOS/Pods-ZappTvOS-frameworks-${CONFIGURATION}-input-files.xcfilelist",
			);
			name = "[CP] Embed Pods Frameworks";
			outputFileListPaths = (
				"${PODS_ROOT}/Target Support Files/Pods-ZappTvOS/Pods-ZappTvOS-frameworks-${CONFIGURATION}-output-files.xcfilelist",
			);
			runOnlyForDeploymentPostprocessing = 0;
			shellPath = /bin/sh;
			shellScript = "\"${PODS_ROOT}/Target Support Files/Pods-ZappTvOS/Pods-ZappTvOS-frameworks.sh\"\n";
			showEnvVarsInLog = 0;
		};
		F4223CABD1B48FAEA8A55196 /* [CP] Check Pods Manifest.lock */ = {
			isa = PBXShellScriptBuildPhase;
			buildActionMask = 2147483647;
			files = (
			);
			inputFileListPaths = (
			);
			inputPaths = (
				"${PODS_PODFILE_DIR_PATH}/Podfile.lock",
				"${PODS_ROOT}/Manifest.lock",
			);
			name = "[CP] Check Pods Manifest.lock";
			outputFileListPaths = (
			);
			outputPaths = (
				"$(DERIVED_FILE_DIR)/Pods-ZappAppleTests-checkManifestLockResult.txt",
			);
			runOnlyForDeploymentPostprocessing = 0;
			shellPath = /bin/sh;
			shellScript = "diff \"${PODS_PODFILE_DIR_PATH}/Podfile.lock\" \"${PODS_ROOT}/Manifest.lock\" > /dev/null\nif [ $? != 0 ] ; then\n    # print error to STDERR\n    echo \"error: The sandbox is not in sync with the Podfile.lock. Run 'pod install' or update your CocoaPods installation.\" >&2\n    exit 1\nfi\n# This output is used by Xcode 'outputs' to avoid re-running this script phase.\necho \"SUCCESS\" > \"${SCRIPT_OUTPUT_FILE_0}\"\n";
			showEnvVarsInLog = 0;
		};
/* End PBXShellScriptBuildPhase section */

/* Begin PBXSourcesBuildPhase section */
		4077CA6C219B654C007471DC /* Sources */ = {
			isa = PBXSourcesBuildPhase;
			buildActionMask = 2147483647;
			files = (
				40423B31219EF73E00ADAB6E /* ApplicationCredentials.swift in Sources */,
				407851C423C60AC9006E4EAC /* AppDelegateBase.swift in Sources */,
				40172403234FAC8A0068E8F7 /* AppDelegate.swift in Sources */,
			);
			runOnlyForDeploymentPostprocessing = 0;
		};
		4077CA7D219B654E007471DC /* Sources */ = {
			isa = PBXSourcesBuildPhase;
			buildActionMask = 2147483647;
			files = (
				40C4C3942343CBA000C9B07D /* dummy.swift in Sources */,
			);
			runOnlyForDeploymentPostprocessing = 0;
		};
		40E4650E2344FBF8002D16E7 /* Sources */ = {
			isa = PBXSourcesBuildPhase;
			buildActionMask = 2147483647;
			files = (
				40E4655C23453FC6002D16E7 /* ApplicationCredentials.swift in Sources */,
				407851C523C60AC9006E4EAC /* AppDelegateBase.swift in Sources */,
				40E465342344FE02002D16E7 /* AppDelegate.swift in Sources */,
			);
			runOnlyForDeploymentPostprocessing = 0;
		};
/* End PBXSourcesBuildPhase section */

/* Begin PBXTargetDependency section */
		4077CA83219B654E007471DC /* PBXTargetDependency */ = {
			isa = PBXTargetDependency;
			target = 4077CA6F219B654C007471DC /* ZappTvOS */;
			targetProxy = 4077CA82219B654E007471DC /* PBXContainerItemProxy */;
		};
/* End PBXTargetDependency section */

/* Begin PBXVariantGroup section */
		4077CA77219B654C007471DC /* Main.storyboard */ = {
			isa = PBXVariantGroup;
			children = (
				4077CA78219B654C007471DC /* Base */,
			);
			name = Main.storyboard;
			sourceTree = "<group>";
		};
		40E465182344FBF8002D16E7 /* Main.storyboard */ = {
			isa = PBXVariantGroup;
			children = (
				40E465192344FBF8002D16E7 /* Base */,
			);
			name = Main.storyboard;
			sourceTree = "<group>";
		};
/* End PBXVariantGroup section */

/* Begin XCBuildConfiguration section */
		4077CA93219B654E007471DC /* Debug */ = {
			isa = XCBuildConfiguration;
			buildSettings = {
				ALWAYS_SEARCH_USER_PATHS = NO;
				CLANG_ANALYZER_NONNULL = YES;
				CLANG_ANALYZER_NUMBER_OBJECT_CONVERSION = YES_AGGRESSIVE;
				CLANG_CXX_LANGUAGE_STANDARD = "gnu++14";
				CLANG_CXX_LIBRARY = "libc++";
				CLANG_ENABLE_MODULES = YES;
				CLANG_ENABLE_OBJC_ARC = YES;
				CLANG_ENABLE_OBJC_WEAK = YES;
				CLANG_WARN_BLOCK_CAPTURE_AUTORELEASING = YES;
				CLANG_WARN_BOOL_CONVERSION = YES;
				CLANG_WARN_COMMA = YES;
				CLANG_WARN_CONSTANT_CONVERSION = YES;
				CLANG_WARN_DEPRECATED_OBJC_IMPLEMENTATIONS = YES;
				CLANG_WARN_DIRECT_OBJC_ISA_USAGE = YES_ERROR;
				CLANG_WARN_DOCUMENTATION_COMMENTS = YES;
				CLANG_WARN_EMPTY_BODY = YES;
				CLANG_WARN_ENUM_CONVERSION = YES;
				CLANG_WARN_INFINITE_RECURSION = YES;
				CLANG_WARN_INT_CONVERSION = YES;
				CLANG_WARN_NON_LITERAL_NULL_CONVERSION = YES;
				CLANG_WARN_OBJC_IMPLICIT_RETAIN_SELF = YES;
				CLANG_WARN_OBJC_LITERAL_CONVERSION = YES;
				CLANG_WARN_OBJC_ROOT_CLASS = YES_ERROR;
				CLANG_WARN_RANGE_LOOP_ANALYSIS = YES;
				CLANG_WARN_STRICT_PROTOTYPES = YES;
				CLANG_WARN_SUSPICIOUS_MOVE = YES;
				CLANG_WARN_UNGUARDED_AVAILABILITY = YES_AGGRESSIVE;
				CLANG_WARN_UNREACHABLE_CODE = YES;
				CLANG_WARN__DUPLICATE_METHOD_MATCH = YES;
				CODE_SIGN_IDENTITY = "iPhone Distribution";
				COPY_PHASE_STRIP = NO;
				DEBUG_INFORMATION_FORMAT = dwarf;
				DEVELOPMENT_TEAM = " ";
				ENABLE_STRICT_OBJC_MSGSEND = YES;
				ENABLE_TESTABILITY = YES;
				GCC_C_LANGUAGE_STANDARD = gnu11;
				GCC_DYNAMIC_NO_PIC = NO;
				GCC_NO_COMMON_BLOCKS = YES;
				GCC_OPTIMIZATION_LEVEL = 0;
				GCC_PREPROCESSOR_DEFINITIONS = (
					"DEBUG=1",
					"$(inherited)",
				);
				GCC_WARN_64_TO_32_BIT_CONVERSION = YES;
				GCC_WARN_ABOUT_RETURN_TYPE = YES_ERROR;
				GCC_WARN_UNDECLARED_SELECTOR = YES;
				GCC_WARN_UNINITIALIZED_AUTOS = YES_AGGRESSIVE;
				GCC_WARN_UNUSED_FUNCTION = YES;
				GCC_WARN_UNUSED_VARIABLE = YES;
				MTL_ENABLE_DEBUG_INFO = INCLUDE_SOURCE;
				MTL_FAST_MATH = YES;
				ONLY_ACTIVE_ARCH = YES;
				SDKROOT = appletvos;
				SWIFT_ACTIVE_COMPILATION_CONDITIONS = DEBUG;
				SWIFT_OPTIMIZATION_LEVEL = "-Onone";
				SWIFT_VERSION = 5.0;
				TVOS_DEPLOYMENT_TARGET = 10.0;
			};
			name = Debug;
		};
		4077CA94219B654E007471DC /* Release */ = {
			isa = XCBuildConfiguration;
			buildSettings = {
				ALWAYS_SEARCH_USER_PATHS = NO;
				CLANG_ANALYZER_NONNULL = YES;
				CLANG_ANALYZER_NUMBER_OBJECT_CONVERSION = YES_AGGRESSIVE;
				CLANG_CXX_LANGUAGE_STANDARD = "gnu++14";
				CLANG_CXX_LIBRARY = "libc++";
				CLANG_ENABLE_MODULES = YES;
				CLANG_ENABLE_OBJC_ARC = YES;
				CLANG_ENABLE_OBJC_WEAK = YES;
				CLANG_WARN_BLOCK_CAPTURE_AUTORELEASING = YES;
				CLANG_WARN_BOOL_CONVERSION = YES;
				CLANG_WARN_COMMA = YES;
				CLANG_WARN_CONSTANT_CONVERSION = YES;
				CLANG_WARN_DEPRECATED_OBJC_IMPLEMENTATIONS = YES;
				CLANG_WARN_DIRECT_OBJC_ISA_USAGE = YES_ERROR;
				CLANG_WARN_DOCUMENTATION_COMMENTS = YES;
				CLANG_WARN_EMPTY_BODY = YES;
				CLANG_WARN_ENUM_CONVERSION = YES;
				CLANG_WARN_INFINITE_RECURSION = YES;
				CLANG_WARN_INT_CONVERSION = YES;
				CLANG_WARN_NON_LITERAL_NULL_CONVERSION = YES;
				CLANG_WARN_OBJC_IMPLICIT_RETAIN_SELF = YES;
				CLANG_WARN_OBJC_LITERAL_CONVERSION = YES;
				CLANG_WARN_OBJC_ROOT_CLASS = YES_ERROR;
				CLANG_WARN_RANGE_LOOP_ANALYSIS = YES;
				CLANG_WARN_STRICT_PROTOTYPES = YES;
				CLANG_WARN_SUSPICIOUS_MOVE = YES;
				CLANG_WARN_UNGUARDED_AVAILABILITY = YES_AGGRESSIVE;
				CLANG_WARN_UNREACHABLE_CODE = YES;
				CLANG_WARN__DUPLICATE_METHOD_MATCH = YES;
				CODE_SIGN_IDENTITY = "iPhone Distribution";
				COPY_PHASE_STRIP = NO;
				DEBUG_INFORMATION_FORMAT = "dwarf-with-dsym";
				DEVELOPMENT_TEAM = " ";
				ENABLE_NS_ASSERTIONS = NO;
				ENABLE_STRICT_OBJC_MSGSEND = YES;
				GCC_C_LANGUAGE_STANDARD = gnu11;
				GCC_NO_COMMON_BLOCKS = YES;
				GCC_WARN_64_TO_32_BIT_CONVERSION = YES;
				GCC_WARN_ABOUT_RETURN_TYPE = YES_ERROR;
				GCC_WARN_UNDECLARED_SELECTOR = YES;
				GCC_WARN_UNINITIALIZED_AUTOS = YES_AGGRESSIVE;
				GCC_WARN_UNUSED_FUNCTION = YES;
				GCC_WARN_UNUSED_VARIABLE = YES;
				MTL_ENABLE_DEBUG_INFO = NO;
				MTL_FAST_MATH = YES;
				SDKROOT = appletvos;
				SWIFT_COMPILATION_MODE = wholemodule;
				SWIFT_OPTIMIZATION_LEVEL = "-O";
				SWIFT_VERSION = 5.0;
				TVOS_DEPLOYMENT_TARGET = 10.0;
				VALIDATE_PRODUCT = YES;
			};
			name = Release;
		};
		4077CA96219B654E007471DC /* Debug */ = {
			isa = XCBuildConfiguration;
			baseConfigurationReference = 4CCAA475EB9387E3A17E0FD4 /* Pods-ZappTvOS.debug.xcconfig */;
			buildSettings = {
				ASSETCATALOG_COMPILER_APPICON_NAME = "App Icon & Top Shelf Image";
				ASSETCATALOG_COMPILER_LAUNCHIMAGE_NAME = "Launch Image";
				CLANG_ENABLE_MODULES = YES;
				CODE_SIGN_ENTITLEMENTS = "ZappTvOS/ZappTvOS-Release.entitlements";
				CODE_SIGN_STYLE = Manual;
				DEVELOPMENT_TEAM = WZZ4E5L8EL;
				INFOPLIST_FILE = ZappTvOS/Info.plist;
				LD_RUNPATH_SEARCH_PATHS = (
					"$(inherited)",
					"@executable_path/Frameworks",
				);
				PRODUCT_NAME = "$(TARGET_NAME)";
				SWIFT_OBJC_BRIDGING_HEADER = "ZappTvOS/ZappTvOS-Bridging-Header.h";
				TARGETED_DEVICE_FAMILY = 3;
				TVOS_DEPLOYMENT_TARGET = 10.0;
			};
			name = Debug;
		};
		4077CA97219B654E007471DC /* Release */ = {
			isa = XCBuildConfiguration;
			baseConfigurationReference = 61F0A7835B501BB4EE05BCE6 /* Pods-ZappTvOS.release.xcconfig */;
			buildSettings = {
				ASSETCATALOG_COMPILER_APPICON_NAME = "App Icon & Top Shelf Image";
				ASSETCATALOG_COMPILER_LAUNCHIMAGE_NAME = "Launch Image";
				CLANG_ENABLE_MODULES = YES;
				CODE_SIGN_ENTITLEMENTS = "ZappTvOS/ZappTvOS-Release.entitlements";
				CODE_SIGN_STYLE = Manual;
				DEVELOPMENT_TEAM = WZZ4E5L8EL;
				INFOPLIST_FILE = ZappTvOS/Info.plist;
				LD_RUNPATH_SEARCH_PATHS = (
					"$(inherited)",
					"@executable_path/Frameworks",
				);
				PRODUCT_NAME = "$(TARGET_NAME)";
				SWIFT_OBJC_BRIDGING_HEADER = "ZappTvOS/ZappTvOS-Bridging-Header.h";
				TARGETED_DEVICE_FAMILY = 3;
				TVOS_DEPLOYMENT_TARGET = 10.0;
			};
			name = Release;
		};
		4077CA99219B654E007471DC /* Debug */ = {
			isa = XCBuildConfiguration;
			baseConfigurationReference = 49979598D1F33FD69D9B3B34 /* Pods-ZappAppleTests.debug.xcconfig */;
			buildSettings = {
				CLANG_ENABLE_MODULES = YES;
				CODE_SIGN_STYLE = Automatic;
				DEVELOPMENT_TEAM = WZZ4E5L8EL;
				INFOPLIST_FILE = ZappAppleTests/Info.plist;
				IPHONEOS_DEPLOYMENT_TARGET = 10.0;
				LD_RUNPATH_SEARCH_PATHS = (
					"$(inherited)",
					"@executable_path/Frameworks",
					"@loader_path/Frameworks",
				);
				PRODUCT_BUNDLE_IDENTIFIER = com.applicaster.ZappAppleTests;
				PRODUCT_NAME = "$(TARGET_NAME)";
				SDKROOT = iphoneos;
				SUPPORTED_PLATFORMS = "iphonesimulator iphoneos appletvsimulator appletvos";
				SWIFT_OBJC_BRIDGING_HEADER = "ZappAppleTests/ZappAppleTests-Bridging-Header.h";
				SWIFT_OPTIMIZATION_LEVEL = "-Onone";
				TARGETED_DEVICE_FAMILY = 3;
			};
			name = Debug;
		};
		4077CA9A219B654E007471DC /* Release */ = {
			isa = XCBuildConfiguration;
			baseConfigurationReference = 29CC320989F53B579855E1A1 /* Pods-ZappAppleTests.release.xcconfig */;
			buildSettings = {
				CLANG_ENABLE_MODULES = YES;
				CODE_SIGN_STYLE = Automatic;
				DEVELOPMENT_TEAM = WZZ4E5L8EL;
				INFOPLIST_FILE = ZappAppleTests/Info.plist;
				IPHONEOS_DEPLOYMENT_TARGET = 10.0;
				LD_RUNPATH_SEARCH_PATHS = (
					"$(inherited)",
					"@executable_path/Frameworks",
					"@loader_path/Frameworks",
				);
				PRODUCT_BUNDLE_IDENTIFIER = com.applicaster.ZappAppleTests;
				PRODUCT_NAME = "$(TARGET_NAME)";
				SDKROOT = iphoneos;
				SUPPORTED_PLATFORMS = "iphonesimulator iphoneos appletvsimulator appletvos";
				SWIFT_OBJC_BRIDGING_HEADER = "ZappAppleTests/ZappAppleTests-Bridging-Header.h";
				TARGETED_DEVICE_FAMILY = 3;
			};
			name = Release;
		};
		40E465212344FBF9002D16E7 /* Debug */ = {
			isa = XCBuildConfiguration;
			buildSettings = {
				ASSETCATALOG_COMPILER_APPICON_NAME = AppIcon;
				ASSETCATALOG_COMPILER_LAUNCHIMAGE_NAME = LaunchImage;
				CODE_SIGN_ENTITLEMENTS = "ZappiOS/ZappiOS-Release.entitlements";
				CODE_SIGN_IDENTITY = "iPhone Distribution";
				CODE_SIGN_STYLE = Manual;
				CURRENT_PROJECT_VERSION = 1;
				DEVELOPMENT_TEAM = WZZ4E5L8EL;
				INFOPLIST_FILE = ZappiOS/Info.plist;
				IPHONEOS_DEPLOYMENT_TARGET = 10.0;
				LD_RUNPATH_SEARCH_PATHS = (
					"$(inherited)",
					"@executable_path/Frameworks",
				);
				MARKETING_VERSION = 1.0;
				PRODUCT_BUNDLE_IDENTIFIER = "";
				PRODUCT_NAME = ZappIOS;
				PROVISIONING_PROFILE_SPECIFIER = "";
				SDKROOT = iphoneos;
				SWIFT_OBJC_BRIDGING_HEADER = "ZappiOS/ZappiOS-Bridging-Header.h";
				TARGETED_DEVICE_FAMILY = "1,2";
			};
			name = Debug;
		};
		40E465222344FBF9002D16E7 /* Release */ = {
			isa = XCBuildConfiguration;
			buildSettings = {
				ASSETCATALOG_COMPILER_APPICON_NAME = AppIcon;
				ASSETCATALOG_COMPILER_LAUNCHIMAGE_NAME = LaunchImage;
				CODE_SIGN_ENTITLEMENTS = "ZappiOS/ZappiOS-Release.entitlements";
				CODE_SIGN_IDENTITY = "iPhone Distribution";
				CODE_SIGN_STYLE = Manual;
				CURRENT_PROJECT_VERSION = 1;
				DEVELOPMENT_TEAM = WZZ4E5L8EL;
				INFOPLIST_FILE = ZappiOS/Info.plist;
				IPHONEOS_DEPLOYMENT_TARGET = 10.0;
				LD_RUNPATH_SEARCH_PATHS = (
					"$(inherited)",
					"@executable_path/Frameworks",
				);
				MARKETING_VERSION = 1.0;
				PRODUCT_BUNDLE_IDENTIFIER = "";
				PRODUCT_NAME = ZappIOS;
				PROVISIONING_PROFILE_SPECIFIER = "";
				SDKROOT = iphoneos;
				SWIFT_OBJC_BRIDGING_HEADER = "ZappiOS/ZappiOS-Bridging-Header.h";
				TARGETED_DEVICE_FAMILY = "1,2";
			};
			name = Release;
		};
/* End XCBuildConfiguration section */

/* Begin XCConfigurationList section */
		4077CA6B219B654C007471DC /* Build configuration list for PBXProject "ZappApple" */ = {
			isa = XCConfigurationList;
			buildConfigurations = (
				4077CA93219B654E007471DC /* Debug */,
				4077CA94219B654E007471DC /* Release */,
			);
			defaultConfigurationIsVisible = 0;
			defaultConfigurationName = Release;
		};
		4077CA95219B654E007471DC /* Build configuration list for PBXNativeTarget "ZappTvOS" */ = {
			isa = XCConfigurationList;
			buildConfigurations = (
				4077CA96219B654E007471DC /* Debug */,
				4077CA97219B654E007471DC /* Release */,
			);
			defaultConfigurationIsVisible = 0;
			defaultConfigurationName = Release;
		};
		4077CA98219B654E007471DC /* Build configuration list for PBXNativeTarget "ZappAppleTests" */ = {
			isa = XCConfigurationList;
			buildConfigurations = (
				4077CA99219B654E007471DC /* Debug */,
				4077CA9A219B654E007471DC /* Release */,
			);
			defaultConfigurationIsVisible = 0;
			defaultConfigurationName = Release;
		};
		40E465232344FBF9002D16E7 /* Build configuration list for PBXNativeTarget "ZappiOS" */ = {
			isa = XCConfigurationList;
			buildConfigurations = (
				40E465212344FBF9002D16E7 /* Debug */,
				40E465222344FBF9002D16E7 /* Release */,
			);
			defaultConfigurationIsVisible = 0;
			defaultConfigurationName = Release;
		};
/* End XCConfigurationList section */
	};
	rootObject = 4077CA68219B654C007471DC /* Project object */;
}
