// !$*UTF8*$!
{
	archiveVersion = 1;
	classes = {
	};
	objectVersion = 51;
	objects = {

/* Begin PBXBuildFile section */
		0F5EC57D24756F3C00F994B9 /* SFProDisplay-HeavyItalic.otf in Resources */ = {isa = PBXBuildFile; fileRef = 0F5EC55924756F3A00F994B9 /* SFProDisplay-HeavyItalic.otf */; };
		0F5EC57E24756F3C00F994B9 /* SFProDisplay-Thin.otf in Resources */ = {isa = PBXBuildFile; fileRef = 0F5EC55A24756F3A00F994B9 /* SFProDisplay-Thin.otf */; };
		0F5EC57F24756F3C00F994B9 /* SFProDisplay-LightItalic.otf in Resources */ = {isa = PBXBuildFile; fileRef = 0F5EC55B24756F3A00F994B9 /* SFProDisplay-LightItalic.otf */; };
		0F5EC58024756F3C00F994B9 /* SFProDisplay-UltralightItalic.otf in Resources */ = {isa = PBXBuildFile; fileRef = 0F5EC55C24756F3A00F994B9 /* SFProDisplay-UltralightItalic.otf */; };
		0F5EC58124756F3C00F994B9 /* SFProText-Thin.otf in Resources */ = {isa = PBXBuildFile; fileRef = 0F5EC55D24756F3A00F994B9 /* SFProText-Thin.otf */; };
		0F5EC58224756F3C00F994B9 /* SFProDisplay-SemiboldItalic.otf in Resources */ = {isa = PBXBuildFile; fileRef = 0F5EC55E24756F3A00F994B9 /* SFProDisplay-SemiboldItalic.otf */; };
		0F5EC58324756F3C00F994B9 /* SFProText-SemiboldItalic.otf in Resources */ = {isa = PBXBuildFile; fileRef = 0F5EC55F24756F3B00F994B9 /* SFProText-SemiboldItalic.otf */; };
		0F5EC58424756F3C00F994B9 /* SFProText-HeavyItalic.otf in Resources */ = {isa = PBXBuildFile; fileRef = 0F5EC56024756F3B00F994B9 /* SFProText-HeavyItalic.otf */; };
		0F5EC58524756F3C00F994B9 /* SFProDisplay-Regular.otf in Resources */ = {isa = PBXBuildFile; fileRef = 0F5EC56124756F3B00F994B9 /* SFProDisplay-Regular.otf */; };
		0F5EC58624756F3C00F994B9 /* SFProDisplay-Light.otf in Resources */ = {isa = PBXBuildFile; fileRef = 0F5EC56224756F3B00F994B9 /* SFProDisplay-Light.otf */; };
		0F5EC58724756F3C00F994B9 /* SFProText-Ultralight.otf in Resources */ = {isa = PBXBuildFile; fileRef = 0F5EC56324756F3B00F994B9 /* SFProText-Ultralight.otf */; };
		0F5EC58824756F3C00F994B9 /* SFProText-BoldItalic.otf in Resources */ = {isa = PBXBuildFile; fileRef = 0F5EC56424756F3B00F994B9 /* SFProText-BoldItalic.otf */; };
		0F5EC58924756F3C00F994B9 /* SFProText-ThinItalic.otf in Resources */ = {isa = PBXBuildFile; fileRef = 0F5EC56524756F3B00F994B9 /* SFProText-ThinItalic.otf */; };
		0F5EC58A24756F3C00F994B9 /* SFProDisplay-Black.otf in Resources */ = {isa = PBXBuildFile; fileRef = 0F5EC56624756F3B00F994B9 /* SFProDisplay-Black.otf */; };
		0F5EC58B24756F3C00F994B9 /* SFProText-RegularItalic.otf in Resources */ = {isa = PBXBuildFile; fileRef = 0F5EC56724756F3B00F994B9 /* SFProText-RegularItalic.otf */; };
		0F5EC58C24756F3C00F994B9 /* SFProDisplay-Bold.otf in Resources */ = {isa = PBXBuildFile; fileRef = 0F5EC56824756F3B00F994B9 /* SFProDisplay-Bold.otf */; };
		0F5EC58D24756F3C00F994B9 /* SFProDisplay-Heavy.otf in Resources */ = {isa = PBXBuildFile; fileRef = 0F5EC56924756F3B00F994B9 /* SFProDisplay-Heavy.otf */; };
		0F5EC58E24756F3C00F994B9 /* SFProText-LightItalic.otf in Resources */ = {isa = PBXBuildFile; fileRef = 0F5EC56A24756F3B00F994B9 /* SFProText-LightItalic.otf */; };
		0F5EC58F24756F3C00F994B9 /* SFProDisplay-Semibold.otf in Resources */ = {isa = PBXBuildFile; fileRef = 0F5EC56B24756F3B00F994B9 /* SFProDisplay-Semibold.otf */; };
		0F5EC59024756F3C00F994B9 /* SFProDisplay-BlackItalic.otf in Resources */ = {isa = PBXBuildFile; fileRef = 0F5EC56C24756F3B00F994B9 /* SFProDisplay-BlackItalic.otf */; };
		0F5EC59124756F3C00F994B9 /* SFProText-Semibold.otf in Resources */ = {isa = PBXBuildFile; fileRef = 0F5EC56D24756F3B00F994B9 /* SFProText-Semibold.otf */; };
		0F5EC59224756F3C00F994B9 /* SFProText-Regular.otf in Resources */ = {isa = PBXBuildFile; fileRef = 0F5EC56E24756F3B00F994B9 /* SFProText-Regular.otf */; };
		0F5EC59324756F3C00F994B9 /* SFProDisplay-MediumItalic.otf in Resources */ = {isa = PBXBuildFile; fileRef = 0F5EC56F24756F3B00F994B9 /* SFProDisplay-MediumItalic.otf */; };
		0F5EC59424756F3C00F994B9 /* SFProDisplay-ThinItalic.otf in Resources */ = {isa = PBXBuildFile; fileRef = 0F5EC57024756F3B00F994B9 /* SFProDisplay-ThinItalic.otf */; };
		0F5EC59524756F3C00F994B9 /* SFProText-Light.otf in Resources */ = {isa = PBXBuildFile; fileRef = 0F5EC57124756F3B00F994B9 /* SFProText-Light.otf */; };
		0F5EC59624756F3C00F994B9 /* SFProText-Heavy.otf in Resources */ = {isa = PBXBuildFile; fileRef = 0F5EC57224756F3B00F994B9 /* SFProText-Heavy.otf */; };
		0F5EC59724756F3C00F994B9 /* SFProText-Medium.otf in Resources */ = {isa = PBXBuildFile; fileRef = 0F5EC57324756F3B00F994B9 /* SFProText-Medium.otf */; };
		0F5EC59824756F3C00F994B9 /* SFProDisplay-BoldItalic.otf in Resources */ = {isa = PBXBuildFile; fileRef = 0F5EC57424756F3B00F994B9 /* SFProDisplay-BoldItalic.otf */; };
		0F5EC59924756F3C00F994B9 /* SFProDisplay-Ultralight.otf in Resources */ = {isa = PBXBuildFile; fileRef = 0F5EC57524756F3B00F994B9 /* SFProDisplay-Ultralight.otf */; };
		0F5EC59A24756F3C00F994B9 /* SFProText-UltralightItalic.otf in Resources */ = {isa = PBXBuildFile; fileRef = 0F5EC57624756F3B00F994B9 /* SFProText-UltralightItalic.otf */; };
		0F5EC59B24756F3C00F994B9 /* SFProText-BlackItalic.otf in Resources */ = {isa = PBXBuildFile; fileRef = 0F5EC57724756F3C00F994B9 /* SFProText-BlackItalic.otf */; };
		0F5EC59C24756F3C00F994B9 /* SFProText-MediumItalic.otf in Resources */ = {isa = PBXBuildFile; fileRef = 0F5EC57824756F3C00F994B9 /* SFProText-MediumItalic.otf */; };
		0F5EC59D24756F3C00F994B9 /* SFProText-Bold.otf in Resources */ = {isa = PBXBuildFile; fileRef = 0F5EC57924756F3C00F994B9 /* SFProText-Bold.otf */; };
		0F5EC59E24756F3C00F994B9 /* SFProDisplay-RegularItalic.otf in Resources */ = {isa = PBXBuildFile; fileRef = 0F5EC57A24756F3C00F994B9 /* SFProDisplay-RegularItalic.otf */; };
		0F5EC59F24756F3C00F994B9 /* SFProText-Black.otf in Resources */ = {isa = PBXBuildFile; fileRef = 0F5EC57B24756F3C00F994B9 /* SFProText-Black.otf */; };
		0F5EC5A024756F3C00F994B9 /* SFProDisplay-Medium.otf in Resources */ = {isa = PBXBuildFile; fileRef = 0F5EC57C24756F3C00F994B9 /* SFProDisplay-Medium.otf */; };
		1526CA20C41058B2832FE233 /* Pods_ZappiOSTests.framework in Frameworks */ = {isa = PBXBuildFile; fileRef = 48BCB8F0F692A4D55E8D12E9 /* Pods_ZappiOSTests.framework */; };
		1D18FB6823CFB6F00018D15E /* NotificationService.swift in Sources */ = {isa = PBXBuildFile; fileRef = 1D18FB6723CFB6F00018D15E /* NotificationService.swift */; };
		1D18FB7523CFB76F0018D15E /* NotificationService+Helper.swift in Sources */ = {isa = PBXBuildFile; fileRef = 1D18FB7123CFB76F0018D15E /* NotificationService+Helper.swift */; };
		1D30F68223CB297F00DDD86F /* AppDelegate.swift in Sources */ = {isa = PBXBuildFile; fileRef = 1D30F68123CB297F00DDD86F /* AppDelegate.swift */; };
		1D30F68923CB297F00DDD86F /* Main.storyboard in Resources */ = {isa = PBXBuildFile; fileRef = 1D30F68723CB297F00DDD86F /* Main.storyboard */; };
		1D30F68B23CB298000DDD86F /* Assets.xcassets in Resources */ = {isa = PBXBuildFile; fileRef = 1D30F68A23CB298000DDD86F /* Assets.xcassets */; };
		1D30F69923CB298000DDD86F /* ZappiOSTests.swift in Sources */ = {isa = PBXBuildFile; fileRef = 1D30F69823CB298000DDD86F /* ZappiOSTests.swift */; };
		1D30F6A423CB298000DDD86F /* ZappiOSUITests.swift in Sources */ = {isa = PBXBuildFile; fileRef = 1D30F6A323CB298000DDD86F /* ZappiOSUITests.swift */; };
		1D30F6B323CB299E00DDD86F /* CoreSpotlight.framework in Frameworks */ = {isa = PBXBuildFile; fileRef = 1D30F6B223CB299E00DDD86F /* CoreSpotlight.framework */; };
		1D30F6B523CB29A700DDD86F /* StoreKit.framework in Frameworks */ = {isa = PBXBuildFile; fileRef = 1D30F6B423CB29A700DDD86F /* StoreKit.framework */; };
		1D30F6BC23CB2CE800DDD86F /* ApplicationCredentials.swift in Sources */ = {isa = PBXBuildFile; fileRef = 1D30F6B823CB2CE800DDD86F /* ApplicationCredentials.swift */; };
		1D30F6BD23CB2CE800DDD86F /* FeaturesCustomization.plist in Resources */ = {isa = PBXBuildFile; fileRef = 1D30F6B923CB2CE800DDD86F /* FeaturesCustomization.plist */; };
		1D30F6BE23CB2CE800DDD86F /* ZappStyles.json in Resources */ = {isa = PBXBuildFile; fileRef = 1D30F6BA23CB2CE800DDD86F /* ZappStyles.json */; };
		1D30F6BF23CB2CE800DDD86F /* AppDelegateBase.swift in Sources */ = {isa = PBXBuildFile; fileRef = 1D30F6BB23CB2CE800DDD86F /* AppDelegateBase.swift */; };
		1D68DC3F2483B16000844CB3 /* UserNotifications.framework in Frameworks */ = {isa = PBXBuildFile; fileRef = 1D68DC3E2483B16000844CB3 /* UserNotifications.framework */; };
		1D68DC412483B16000844CB3 /* UserNotificationsUI.framework in Frameworks */ = {isa = PBXBuildFile; fileRef = 1D68DC402483B16000844CB3 /* UserNotificationsUI.framework */; };
		1D68DC442483B16000844CB3 /* NotificationViewController.swift in Sources */ = {isa = PBXBuildFile; fileRef = 1D68DC432483B16000844CB3 /* NotificationViewController.swift */; };
		1D68DC472483B16000844CB3 /* MainInterface.storyboard in Resources */ = {isa = PBXBuildFile; fileRef = 1D68DC452483B16000844CB3 /* MainInterface.storyboard */; };
		4054F78724291A0B00CAA312 /* AppDelegate+UNUserNotificationCenterDelegate.swift in Sources */ = {isa = PBXBuildFile; fileRef = 4054F78624291A0B00CAA312 /* AppDelegate+UNUserNotificationCenterDelegate.swift */; };
		40EE124F2409CEED00B052C2 /* FirebaseHandler.swift in Sources */ = {isa = PBXBuildFile; fileRef = 40EE124E2409CEED00B052C2 /* FirebaseHandler.swift */; };
		40FB300923F1A69800B76AD0 /* GoogleService-Info.plist in Resources */ = {isa = PBXBuildFile; fileRef = 40FB300823F1A69800B76AD0 /* GoogleService-Info.plist */; };
		BCF3D27DA6DDD347E776E326 /* Pods_NotificationServiceExtension.framework in Frameworks */ = {isa = PBXBuildFile; fileRef = A0465E6BC9CB29C5CE647130 /* Pods_NotificationServiceExtension.framework */; };
		E31AC8E97D4DE6BA80EC66CA /* Pods_ZappiOS.framework in Frameworks */ = {isa = PBXBuildFile; fileRef = A02EE186C5891938B20F9D34 /* Pods_ZappiOS.framework */; };
/* End PBXBuildFile section */

/* Begin PBXContainerItemProxy section */
		1D30F69523CB298000DDD86F /* PBXContainerItemProxy */ = {
			isa = PBXContainerItemProxy;
			containerPortal = 1D30F67623CB297F00DDD86F /* Project object */;
			proxyType = 1;
			remoteGlobalIDString = 1D30F67D23CB297F00DDD86F;
			remoteInfo = ZappiOS;
		};
		1D30F6A023CB298000DDD86F /* PBXContainerItemProxy */ = {
			isa = PBXContainerItemProxy;
			containerPortal = 1D30F67623CB297F00DDD86F /* Project object */;
			proxyType = 1;
			remoteGlobalIDString = 1D30F67D23CB297F00DDD86F;
			remoteInfo = ZappiOS;
		};
		1D68DC5C2484078200844CB3 /* PBXContainerItemProxy */ = {
			isa = PBXContainerItemProxy;
			containerPortal = 1D30F67623CB297F00DDD86F /* Project object */;
			proxyType = 1;
			remoteGlobalIDString = 1D68DC3C2483B16000844CB3;
			remoteInfo = NotificationContentExtension;
		};
		1D68DC5E2484078500844CB3 /* PBXContainerItemProxy */ = {
			isa = PBXContainerItemProxy;
			containerPortal = 1D30F67623CB297F00DDD86F /* Project object */;
			proxyType = 1;
			remoteGlobalIDString = 1D18FB6423CFB6F00018D15E;
			remoteInfo = NotificationServiceExtension;
		};
/* End PBXContainerItemProxy section */

/* Begin PBXCopyFilesBuildPhase section */
		1DD19CBD241E7B3200D77827 /* Embed App Extensions */ = {
			isa = PBXCopyFilesBuildPhase;
			buildActionMask = 2147483647;
			dstPath = "";
			dstSubfolderSpec = 13;
			files = (
			);
			name = "Embed App Extensions";
			runOnlyForDeploymentPostprocessing = 0;
		};
/* End PBXCopyFilesBuildPhase section */

/* Begin PBXFileReference section */
		02DA1D072AF84F692D5B222C /* Pods-NotificationServiceExtension.release.xcconfig */ = {isa = PBXFileReference; includeInIndex = 1; lastKnownFileType = text.xcconfig; name = "Pods-NotificationServiceExtension.release.xcconfig"; path = "Target Support Files/Pods-NotificationServiceExtension/Pods-NotificationServiceExtension.release.xcconfig"; sourceTree = "<group>"; };
		0F5EC55924756F3A00F994B9 /* SFProDisplay-HeavyItalic.otf */ = {isa = PBXFileReference; lastKnownFileType = file; path = "SFProDisplay-HeavyItalic.otf"; sourceTree = "<group>"; };
		0F5EC55A24756F3A00F994B9 /* SFProDisplay-Thin.otf */ = {isa = PBXFileReference; lastKnownFileType = file; path = "SFProDisplay-Thin.otf"; sourceTree = "<group>"; };
		0F5EC55B24756F3A00F994B9 /* SFProDisplay-LightItalic.otf */ = {isa = PBXFileReference; lastKnownFileType = file; path = "SFProDisplay-LightItalic.otf"; sourceTree = "<group>"; };
		0F5EC55C24756F3A00F994B9 /* SFProDisplay-UltralightItalic.otf */ = {isa = PBXFileReference; lastKnownFileType = file; path = "SFProDisplay-UltralightItalic.otf"; sourceTree = "<group>"; };
		0F5EC55D24756F3A00F994B9 /* SFProText-Thin.otf */ = {isa = PBXFileReference; lastKnownFileType = file; path = "SFProText-Thin.otf"; sourceTree = "<group>"; };
		0F5EC55E24756F3A00F994B9 /* SFProDisplay-SemiboldItalic.otf */ = {isa = PBXFileReference; lastKnownFileType = file; path = "SFProDisplay-SemiboldItalic.otf"; sourceTree = "<group>"; };
		0F5EC55F24756F3B00F994B9 /* SFProText-SemiboldItalic.otf */ = {isa = PBXFileReference; lastKnownFileType = file; path = "SFProText-SemiboldItalic.otf"; sourceTree = "<group>"; };
		0F5EC56024756F3B00F994B9 /* SFProText-HeavyItalic.otf */ = {isa = PBXFileReference; lastKnownFileType = file; path = "SFProText-HeavyItalic.otf"; sourceTree = "<group>"; };
		0F5EC56124756F3B00F994B9 /* SFProDisplay-Regular.otf */ = {isa = PBXFileReference; lastKnownFileType = file; path = "SFProDisplay-Regular.otf"; sourceTree = "<group>"; };
		0F5EC56224756F3B00F994B9 /* SFProDisplay-Light.otf */ = {isa = PBXFileReference; lastKnownFileType = file; path = "SFProDisplay-Light.otf"; sourceTree = "<group>"; };
		0F5EC56324756F3B00F994B9 /* SFProText-Ultralight.otf */ = {isa = PBXFileReference; lastKnownFileType = file; path = "SFProText-Ultralight.otf"; sourceTree = "<group>"; };
		0F5EC56424756F3B00F994B9 /* SFProText-BoldItalic.otf */ = {isa = PBXFileReference; lastKnownFileType = file; path = "SFProText-BoldItalic.otf"; sourceTree = "<group>"; };
		0F5EC56524756F3B00F994B9 /* SFProText-ThinItalic.otf */ = {isa = PBXFileReference; lastKnownFileType = file; path = "SFProText-ThinItalic.otf"; sourceTree = "<group>"; };
		0F5EC56624756F3B00F994B9 /* SFProDisplay-Black.otf */ = {isa = PBXFileReference; lastKnownFileType = file; path = "SFProDisplay-Black.otf"; sourceTree = "<group>"; };
		0F5EC56724756F3B00F994B9 /* SFProText-RegularItalic.otf */ = {isa = PBXFileReference; lastKnownFileType = file; path = "SFProText-RegularItalic.otf"; sourceTree = "<group>"; };
		0F5EC56824756F3B00F994B9 /* SFProDisplay-Bold.otf */ = {isa = PBXFileReference; lastKnownFileType = file; path = "SFProDisplay-Bold.otf"; sourceTree = "<group>"; };
		0F5EC56924756F3B00F994B9 /* SFProDisplay-Heavy.otf */ = {isa = PBXFileReference; lastKnownFileType = file; path = "SFProDisplay-Heavy.otf"; sourceTree = "<group>"; };
		0F5EC56A24756F3B00F994B9 /* SFProText-LightItalic.otf */ = {isa = PBXFileReference; lastKnownFileType = file; path = "SFProText-LightItalic.otf"; sourceTree = "<group>"; };
		0F5EC56B24756F3B00F994B9 /* SFProDisplay-Semibold.otf */ = {isa = PBXFileReference; lastKnownFileType = file; path = "SFProDisplay-Semibold.otf"; sourceTree = "<group>"; };
		0F5EC56C24756F3B00F994B9 /* SFProDisplay-BlackItalic.otf */ = {isa = PBXFileReference; lastKnownFileType = file; path = "SFProDisplay-BlackItalic.otf"; sourceTree = "<group>"; };
		0F5EC56D24756F3B00F994B9 /* SFProText-Semibold.otf */ = {isa = PBXFileReference; lastKnownFileType = file; path = "SFProText-Semibold.otf"; sourceTree = "<group>"; };
		0F5EC56E24756F3B00F994B9 /* SFProText-Regular.otf */ = {isa = PBXFileReference; lastKnownFileType = file; path = "SFProText-Regular.otf"; sourceTree = "<group>"; };
		0F5EC56F24756F3B00F994B9 /* SFProDisplay-MediumItalic.otf */ = {isa = PBXFileReference; lastKnownFileType = file; path = "SFProDisplay-MediumItalic.otf"; sourceTree = "<group>"; };
		0F5EC57024756F3B00F994B9 /* SFProDisplay-ThinItalic.otf */ = {isa = PBXFileReference; lastKnownFileType = file; path = "SFProDisplay-ThinItalic.otf"; sourceTree = "<group>"; };
		0F5EC57124756F3B00F994B9 /* SFProText-Light.otf */ = {isa = PBXFileReference; lastKnownFileType = file; path = "SFProText-Light.otf"; sourceTree = "<group>"; };
		0F5EC57224756F3B00F994B9 /* SFProText-Heavy.otf */ = {isa = PBXFileReference; lastKnownFileType = file; path = "SFProText-Heavy.otf"; sourceTree = "<group>"; };
		0F5EC57324756F3B00F994B9 /* SFProText-Medium.otf */ = {isa = PBXFileReference; lastKnownFileType = file; path = "SFProText-Medium.otf"; sourceTree = "<group>"; };
		0F5EC57424756F3B00F994B9 /* SFProDisplay-BoldItalic.otf */ = {isa = PBXFileReference; lastKnownFileType = file; path = "SFProDisplay-BoldItalic.otf"; sourceTree = "<group>"; };
		0F5EC57524756F3B00F994B9 /* SFProDisplay-Ultralight.otf */ = {isa = PBXFileReference; lastKnownFileType = file; path = "SFProDisplay-Ultralight.otf"; sourceTree = "<group>"; };
		0F5EC57624756F3B00F994B9 /* SFProText-UltralightItalic.otf */ = {isa = PBXFileReference; lastKnownFileType = file; path = "SFProText-UltralightItalic.otf"; sourceTree = "<group>"; };
		0F5EC57724756F3C00F994B9 /* SFProText-BlackItalic.otf */ = {isa = PBXFileReference; lastKnownFileType = file; path = "SFProText-BlackItalic.otf"; sourceTree = "<group>"; };
		0F5EC57824756F3C00F994B9 /* SFProText-MediumItalic.otf */ = {isa = PBXFileReference; lastKnownFileType = file; path = "SFProText-MediumItalic.otf"; sourceTree = "<group>"; };
		0F5EC57924756F3C00F994B9 /* SFProText-Bold.otf */ = {isa = PBXFileReference; lastKnownFileType = file; path = "SFProText-Bold.otf"; sourceTree = "<group>"; };
		0F5EC57A24756F3C00F994B9 /* SFProDisplay-RegularItalic.otf */ = {isa = PBXFileReference; lastKnownFileType = file; path = "SFProDisplay-RegularItalic.otf"; sourceTree = "<group>"; };
		0F5EC57B24756F3C00F994B9 /* SFProText-Black.otf */ = {isa = PBXFileReference; lastKnownFileType = file; path = "SFProText-Black.otf"; sourceTree = "<group>"; };
		0F5EC57C24756F3C00F994B9 /* SFProDisplay-Medium.otf */ = {isa = PBXFileReference; lastKnownFileType = file; path = "SFProDisplay-Medium.otf"; sourceTree = "<group>"; };
		1D18FB6523CFB6F00018D15E /* NotificationServiceExtension.appex */ = {isa = PBXFileReference; explicitFileType = "wrapper.app-extension"; includeInIndex = 0; path = NotificationServiceExtension.appex; sourceTree = BUILT_PRODUCTS_DIR; };
		1D18FB6723CFB6F00018D15E /* NotificationService.swift */ = {isa = PBXFileReference; lastKnownFileType = sourcecode.swift; path = NotificationService.swift; sourceTree = "<group>"; };
		1D18FB6923CFB6F00018D15E /* Info.plist */ = {isa = PBXFileReference; lastKnownFileType = text.plist.xml; path = Info.plist; sourceTree = "<group>"; };
		1D18FB7123CFB76F0018D15E /* NotificationService+Helper.swift */ = {isa = PBXFileReference; fileEncoding = 4; lastKnownFileType = sourcecode.swift; path = "NotificationService+Helper.swift"; sourceTree = "<group>"; };
		1D18FB7323CFB76F0018D15E /* NotificationServiceExtension-Release.entitlements */ = {isa = PBXFileReference; fileEncoding = 4; lastKnownFileType = text.plist.entitlements; path = "NotificationServiceExtension-Release.entitlements"; sourceTree = "<group>"; };
		1D18FB7423CFB76F0018D15E /* NotificationServiceExtension-Debug.entitlements */ = {isa = PBXFileReference; fileEncoding = 4; lastKnownFileType = text.plist.entitlements; path = "NotificationServiceExtension-Debug.entitlements"; sourceTree = "<group>"; };
		1D30F67E23CB297F00DDD86F /* ZappiOS.app */ = {isa = PBXFileReference; explicitFileType = wrapper.application; includeInIndex = 0; path = ZappiOS.app; sourceTree = BUILT_PRODUCTS_DIR; };
		1D30F68123CB297F00DDD86F /* AppDelegate.swift */ = {isa = PBXFileReference; lastKnownFileType = sourcecode.swift; path = AppDelegate.swift; sourceTree = "<group>"; };
		1D30F68823CB297F00DDD86F /* Base */ = {isa = PBXFileReference; lastKnownFileType = file.storyboard; name = Base; path = Base.lproj/Main.storyboard; sourceTree = "<group>"; };
		1D30F68A23CB298000DDD86F /* Assets.xcassets */ = {isa = PBXFileReference; lastKnownFileType = folder.assetcatalog; path = Assets.xcassets; sourceTree = "<group>"; };
		1D30F68F23CB298000DDD86F /* Info.plist */ = {isa = PBXFileReference; lastKnownFileType = text.plist.xml; path = Info.plist; sourceTree = "<group>"; };
		1D30F69423CB298000DDD86F /* ZappiOSTests.xctest */ = {isa = PBXFileReference; explicitFileType = wrapper.cfbundle; includeInIndex = 0; path = ZappiOSTests.xctest; sourceTree = BUILT_PRODUCTS_DIR; };
		1D30F69823CB298000DDD86F /* ZappiOSTests.swift */ = {isa = PBXFileReference; lastKnownFileType = sourcecode.swift; path = ZappiOSTests.swift; sourceTree = "<group>"; };
		1D30F69A23CB298000DDD86F /* Info.plist */ = {isa = PBXFileReference; lastKnownFileType = text.plist.xml; path = Info.plist; sourceTree = "<group>"; };
		1D30F69F23CB298000DDD86F /* ZappiOSUITests.xctest */ = {isa = PBXFileReference; explicitFileType = wrapper.cfbundle; includeInIndex = 0; path = ZappiOSUITests.xctest; sourceTree = BUILT_PRODUCTS_DIR; };
		1D30F6A323CB298000DDD86F /* ZappiOSUITests.swift */ = {isa = PBXFileReference; lastKnownFileType = sourcecode.swift; path = ZappiOSUITests.swift; sourceTree = "<group>"; };
		1D30F6A523CB298000DDD86F /* Info.plist */ = {isa = PBXFileReference; lastKnownFileType = text.plist.xml; path = Info.plist; sourceTree = "<group>"; };
		1D30F6B223CB299E00DDD86F /* CoreSpotlight.framework */ = {isa = PBXFileReference; lastKnownFileType = wrapper.framework; name = CoreSpotlight.framework; path = System/Library/Frameworks/CoreSpotlight.framework; sourceTree = SDKROOT; };
		1D30F6B423CB29A700DDD86F /* StoreKit.framework */ = {isa = PBXFileReference; lastKnownFileType = wrapper.framework; name = StoreKit.framework; path = System/Library/Frameworks/StoreKit.framework; sourceTree = SDKROOT; };
		1D30F6B823CB2CE800DDD86F /* ApplicationCredentials.swift */ = {isa = PBXFileReference; fileEncoding = 4; lastKnownFileType = sourcecode.swift; path = ApplicationCredentials.swift; sourceTree = "<group>"; };
		1D30F6B923CB2CE800DDD86F /* FeaturesCustomization.plist */ = {isa = PBXFileReference; fileEncoding = 4; lastKnownFileType = text.plist.xml; path = FeaturesCustomization.plist; sourceTree = "<group>"; };
		1D30F6BA23CB2CE800DDD86F /* ZappStyles.json */ = {isa = PBXFileReference; fileEncoding = 4; lastKnownFileType = text.json; path = ZappStyles.json; sourceTree = "<group>"; };
		1D30F6BB23CB2CE800DDD86F /* AppDelegateBase.swift */ = {isa = PBXFileReference; fileEncoding = 4; lastKnownFileType = sourcecode.swift; path = AppDelegateBase.swift; sourceTree = "<group>"; };
		1D30F6C123CB2D5F00DDD86F /* ZappiOS-Debug.entitlements */ = {isa = PBXFileReference; fileEncoding = 4; lastKnownFileType = text.plist.entitlements; path = "ZappiOS-Debug.entitlements"; sourceTree = "<group>"; };
		1D30F6C223CB2D5F00DDD86F /* ZappiOS-Release.entitlements */ = {isa = PBXFileReference; fileEncoding = 4; lastKnownFileType = text.plist.entitlements; path = "ZappiOS-Release.entitlements"; sourceTree = "<group>"; };
		1D30F71623CB4D5100DDD86F /* ZappiOS-Bridging-Header.h */ = {isa = PBXFileReference; fileEncoding = 4; lastKnownFileType = sourcecode.c.h; path = "ZappiOS-Bridging-Header.h"; sourceTree = "<group>"; };
		1D68DC3D2483B16000844CB3 /* NotificationContentExtension.appex */ = {isa = PBXFileReference; explicitFileType = "wrapper.app-extension"; includeInIndex = 0; path = NotificationContentExtension.appex; sourceTree = BUILT_PRODUCTS_DIR; };
		1D68DC3E2483B16000844CB3 /* UserNotifications.framework */ = {isa = PBXFileReference; lastKnownFileType = wrapper.framework; name = UserNotifications.framework; path = System/Library/Frameworks/UserNotifications.framework; sourceTree = SDKROOT; };
		1D68DC402483B16000844CB3 /* UserNotificationsUI.framework */ = {isa = PBXFileReference; lastKnownFileType = wrapper.framework; name = UserNotificationsUI.framework; path = System/Library/Frameworks/UserNotificationsUI.framework; sourceTree = SDKROOT; };
		1D68DC432483B16000844CB3 /* NotificationViewController.swift */ = {isa = PBXFileReference; lastKnownFileType = sourcecode.swift; path = NotificationViewController.swift; sourceTree = "<group>"; };
		1D68DC462483B16000844CB3 /* Base */ = {isa = PBXFileReference; lastKnownFileType = file.storyboard; name = Base; path = Base.lproj/MainInterface.storyboard; sourceTree = "<group>"; };
		1D68DC482483B16000844CB3 /* Info.plist */ = {isa = PBXFileReference; lastKnownFileType = text.plist.xml; path = Info.plist; sourceTree = "<group>"; };
		1D68DC532483D88100844CB3 /* NotificationContentExtension-Debug.entitlements */ = {isa = PBXFileReference; fileEncoding = 4; lastKnownFileType = text.plist.entitlements; path = "NotificationContentExtension-Debug.entitlements"; sourceTree = "<group>"; };
		1D68DC542483D88100844CB3 /* NotificationContentExtension-Release.entitlements */ = {isa = PBXFileReference; fileEncoding = 4; lastKnownFileType = text.plist.entitlements; path = "NotificationContentExtension-Release.entitlements"; sourceTree = "<group>"; };
		4054F78624291A0B00CAA312 /* AppDelegate+UNUserNotificationCenterDelegate.swift */ = {isa = PBXFileReference; fileEncoding = 4; lastKnownFileType = sourcecode.swift; path = "AppDelegate+UNUserNotificationCenterDelegate.swift"; sourceTree = "<group>"; };
		40EE124E2409CEED00B052C2 /* FirebaseHandler.swift */ = {isa = PBXFileReference; fileEncoding = 4; lastKnownFileType = sourcecode.swift; path = FirebaseHandler.swift; sourceTree = "<group>"; };
		40FB300823F1A69800B76AD0 /* GoogleService-Info.plist */ = {isa = PBXFileReference; lastKnownFileType = text.plist.xml; name = "GoogleService-Info.plist"; path = "ZappiOS/GoogleService-Info.plist"; sourceTree = SOURCE_ROOT; };
		48BCB8F0F692A4D55E8D12E9 /* Pods_ZappiOSTests.framework */ = {isa = PBXFileReference; explicitFileType = wrapper.framework; includeInIndex = 0; path = Pods_ZappiOSTests.framework; sourceTree = BUILT_PRODUCTS_DIR; };
		64287BEDF68DCEE157F26C6E /* Pods-ZappiOS.debug.xcconfig */ = {isa = PBXFileReference; includeInIndex = 1; lastKnownFileType = text.xcconfig; name = "Pods-ZappiOS.debug.xcconfig"; path = "Target Support Files/Pods-ZappiOS/Pods-ZappiOS.debug.xcconfig"; sourceTree = "<group>"; };
		921EE6DFD8C836B3E72DEEF7 /* Pods-NotificationServiceExtension.debug.xcconfig */ = {isa = PBXFileReference; includeInIndex = 1; lastKnownFileType = text.xcconfig; name = "Pods-NotificationServiceExtension.debug.xcconfig"; path = "Target Support Files/Pods-NotificationServiceExtension/Pods-NotificationServiceExtension.debug.xcconfig"; sourceTree = "<group>"; };
		9DE1E4F2BB238AD9FBF3544E /* Pods-ZappiOSTests.release.xcconfig */ = {isa = PBXFileReference; includeInIndex = 1; lastKnownFileType = text.xcconfig; name = "Pods-ZappiOSTests.release.xcconfig"; path = "Target Support Files/Pods-ZappiOSTests/Pods-ZappiOSTests.release.xcconfig"; sourceTree = "<group>"; };
		A02EE186C5891938B20F9D34 /* Pods_ZappiOS.framework */ = {isa = PBXFileReference; explicitFileType = wrapper.framework; includeInIndex = 0; path = Pods_ZappiOS.framework; sourceTree = BUILT_PRODUCTS_DIR; };
		A0465E6BC9CB29C5CE647130 /* Pods_NotificationServiceExtension.framework */ = {isa = PBXFileReference; explicitFileType = wrapper.framework; includeInIndex = 0; path = Pods_NotificationServiceExtension.framework; sourceTree = BUILT_PRODUCTS_DIR; };
		A9C5D8DDDBA59C5D9F3C5B4B /* Pods-ZappiOSTests.debug.xcconfig */ = {isa = PBXFileReference; includeInIndex = 1; lastKnownFileType = text.xcconfig; name = "Pods-ZappiOSTests.debug.xcconfig"; path = "Target Support Files/Pods-ZappiOSTests/Pods-ZappiOSTests.debug.xcconfig"; sourceTree = "<group>"; };
		B3D8A83C14589D0BC983D218 /* Pods-ZappiOS.release.xcconfig */ = {isa = PBXFileReference; includeInIndex = 1; lastKnownFileType = text.xcconfig; name = "Pods-ZappiOS.release.xcconfig"; path = "Target Support Files/Pods-ZappiOS/Pods-ZappiOS.release.xcconfig"; sourceTree = "<group>"; };
/* End PBXFileReference section */

/* Begin PBXFrameworksBuildPhase section */
		1D18FB6223CFB6F00018D15E /* Frameworks */ = {
			isa = PBXFrameworksBuildPhase;
			buildActionMask = 2147483647;
			files = (
				BCF3D27DA6DDD347E776E326 /* Pods_NotificationServiceExtension.framework in Frameworks */,
			);
			runOnlyForDeploymentPostprocessing = 0;
		};
		1D30F67B23CB297F00DDD86F /* Frameworks */ = {
			isa = PBXFrameworksBuildPhase;
			buildActionMask = 2147483647;
			files = (
				1D30F6B323CB299E00DDD86F /* CoreSpotlight.framework in Frameworks */,
				1D30F6B523CB29A700DDD86F /* StoreKit.framework in Frameworks */,
				E31AC8E97D4DE6BA80EC66CA /* Pods_ZappiOS.framework in Frameworks */,
			);
			runOnlyForDeploymentPostprocessing = 0;
		};
		1D30F69123CB298000DDD86F /* Frameworks */ = {
			isa = PBXFrameworksBuildPhase;
			buildActionMask = 2147483647;
			files = (
				1526CA20C41058B2832FE233 /* Pods_ZappiOSTests.framework in Frameworks */,
			);
			runOnlyForDeploymentPostprocessing = 0;
		};
		1D30F69C23CB298000DDD86F /* Frameworks */ = {
			isa = PBXFrameworksBuildPhase;
			buildActionMask = 2147483647;
			files = (
			);
			runOnlyForDeploymentPostprocessing = 0;
		};
		1D68DC3A2483B16000844CB3 /* Frameworks */ = {
			isa = PBXFrameworksBuildPhase;
			buildActionMask = 2147483647;
			files = (
				1D68DC412483B16000844CB3 /* UserNotificationsUI.framework in Frameworks */,
				1D68DC3F2483B16000844CB3 /* UserNotifications.framework in Frameworks */,
			);
			runOnlyForDeploymentPostprocessing = 0;
		};
/* End PBXFrameworksBuildPhase section */

/* Begin PBXGroup section */
		0F5EC55824756EA400F994B9 /* Fonts */ = {
			isa = PBXGroup;
			children = (
				0F5EC56624756F3B00F994B9 /* SFProDisplay-Black.otf */,
				0F5EC56C24756F3B00F994B9 /* SFProDisplay-BlackItalic.otf */,
				0F5EC56824756F3B00F994B9 /* SFProDisplay-Bold.otf */,
				0F5EC57424756F3B00F994B9 /* SFProDisplay-BoldItalic.otf */,
				0F5EC56924756F3B00F994B9 /* SFProDisplay-Heavy.otf */,
				0F5EC55924756F3A00F994B9 /* SFProDisplay-HeavyItalic.otf */,
				0F5EC56224756F3B00F994B9 /* SFProDisplay-Light.otf */,
				0F5EC55B24756F3A00F994B9 /* SFProDisplay-LightItalic.otf */,
				0F5EC57C24756F3C00F994B9 /* SFProDisplay-Medium.otf */,
				0F5EC56F24756F3B00F994B9 /* SFProDisplay-MediumItalic.otf */,
				0F5EC56124756F3B00F994B9 /* SFProDisplay-Regular.otf */,
				0F5EC57A24756F3C00F994B9 /* SFProDisplay-RegularItalic.otf */,
				0F5EC56B24756F3B00F994B9 /* SFProDisplay-Semibold.otf */,
				0F5EC55E24756F3A00F994B9 /* SFProDisplay-SemiboldItalic.otf */,
				0F5EC55A24756F3A00F994B9 /* SFProDisplay-Thin.otf */,
				0F5EC57024756F3B00F994B9 /* SFProDisplay-ThinItalic.otf */,
				0F5EC57524756F3B00F994B9 /* SFProDisplay-Ultralight.otf */,
				0F5EC55C24756F3A00F994B9 /* SFProDisplay-UltralightItalic.otf */,
				0F5EC57B24756F3C00F994B9 /* SFProText-Black.otf */,
				0F5EC57724756F3C00F994B9 /* SFProText-BlackItalic.otf */,
				0F5EC57924756F3C00F994B9 /* SFProText-Bold.otf */,
				0F5EC56424756F3B00F994B9 /* SFProText-BoldItalic.otf */,
				0F5EC57224756F3B00F994B9 /* SFProText-Heavy.otf */,
				0F5EC56024756F3B00F994B9 /* SFProText-HeavyItalic.otf */,
				0F5EC57124756F3B00F994B9 /* SFProText-Light.otf */,
				0F5EC56A24756F3B00F994B9 /* SFProText-LightItalic.otf */,
				0F5EC57324756F3B00F994B9 /* SFProText-Medium.otf */,
				0F5EC57824756F3C00F994B9 /* SFProText-MediumItalic.otf */,
				0F5EC56E24756F3B00F994B9 /* SFProText-Regular.otf */,
				0F5EC56724756F3B00F994B9 /* SFProText-RegularItalic.otf */,
				0F5EC56D24756F3B00F994B9 /* SFProText-Semibold.otf */,
				0F5EC55F24756F3B00F994B9 /* SFProText-SemiboldItalic.otf */,
				0F5EC55D24756F3A00F994B9 /* SFProText-Thin.otf */,
				0F5EC56524756F3B00F994B9 /* SFProText-ThinItalic.otf */,
				0F5EC56324756F3B00F994B9 /* SFProText-Ultralight.otf */,
				0F5EC57624756F3B00F994B9 /* SFProText-UltralightItalic.otf */,
			);
			path = Fonts;
			sourceTree = "<group>";
		};
		1D18FB6623CFB6F00018D15E /* NotificationServiceExtension */ = {
			isa = PBXGroup;
			children = (
				1D18FB7223CFB76F0018D15E /* Entitlements */,
				1D18FB7123CFB76F0018D15E /* NotificationService+Helper.swift */,
				1D18FB6723CFB6F00018D15E /* NotificationService.swift */,
				1D18FB6923CFB6F00018D15E /* Info.plist */,
			);
			path = NotificationServiceExtension;
			sourceTree = "<group>";
		};
		1D18FB7223CFB76F0018D15E /* Entitlements */ = {
			isa = PBXGroup;
			children = (
				1D18FB7323CFB76F0018D15E /* NotificationServiceExtension-Release.entitlements */,
				1D18FB7423CFB76F0018D15E /* NotificationServiceExtension-Debug.entitlements */,
			);
			path = Entitlements;
			sourceTree = "<group>";
		};
		1D26409223D9E7E4000BCD54 /* Resources */ = {
			isa = PBXGroup;
			children = (
			);
			name = Resources;
			path = ZappiOS/Resources;
			sourceTree = "<group>";
		};
		1D30F67523CB297F00DDD86F = {
			isa = PBXGroup;
			children = (
				1D30F6B623CB2CE800DDD86F /* ZappApple */,
				1D30F68023CB297F00DDD86F /* ZappiOS */,
				1D30F69723CB298000DDD86F /* ZappiOSTests */,
				1D30F6A223CB298000DDD86F /* ZappiOSUITests */,
				1D26409223D9E7E4000BCD54 /* Resources */,
				1D18FB6623CFB6F00018D15E /* NotificationServiceExtension */,
				1D68DC422483B16000844CB3 /* NotificationContentExtension */,
				1D30F67F23CB297F00DDD86F /* Products */,
				1D30F6B123CB299E00DDD86F /* Frameworks */,
				962909C6860707622DAEC497 /* Pods */,
			);
			sourceTree = "<group>";
		};
		1D30F67F23CB297F00DDD86F /* Products */ = {
			isa = PBXGroup;
			children = (
				1D30F67E23CB297F00DDD86F /* ZappiOS.app */,
				1D30F69423CB298000DDD86F /* ZappiOSTests.xctest */,
				1D30F69F23CB298000DDD86F /* ZappiOSUITests.xctest */,
				1D18FB6523CFB6F00018D15E /* NotificationServiceExtension.appex */,
				1D68DC3D2483B16000844CB3 /* NotificationContentExtension.appex */,
			);
			name = Products;
			sourceTree = "<group>";
		};
		1D30F68023CB297F00DDD86F /* ZappiOS */ = {
			isa = PBXGroup;
			children = (
				0F5EC55824756EA400F994B9 /* Fonts */,
				40FB300823F1A69800B76AD0 /* GoogleService-Info.plist */,
				1D30F6C023CB2D3C00DDD86F /* Entitlements */,
				1D30F71623CB4D5100DDD86F /* ZappiOS-Bridging-Header.h */,
				1D30F68A23CB298000DDD86F /* Assets.xcassets */,
				1D30F68123CB297F00DDD86F /* AppDelegate.swift */,
				4054F78624291A0B00CAA312 /* AppDelegate+UNUserNotificationCenterDelegate.swift */,
				1D30F68723CB297F00DDD86F /* Main.storyboard */,
				1D30F68F23CB298000DDD86F /* Info.plist */,
			);
			path = ZappiOS;
			sourceTree = "<group>";
		};
		1D30F69723CB298000DDD86F /* ZappiOSTests */ = {
			isa = PBXGroup;
			children = (
				1D30F69823CB298000DDD86F /* ZappiOSTests.swift */,
				1D30F69A23CB298000DDD86F /* Info.plist */,
			);
			path = ZappiOSTests;
			sourceTree = "<group>";
		};
		1D30F6A223CB298000DDD86F /* ZappiOSUITests */ = {
			isa = PBXGroup;
			children = (
				1D30F6A323CB298000DDD86F /* ZappiOSUITests.swift */,
				1D30F6A523CB298000DDD86F /* Info.plist */,
			);
			path = ZappiOSUITests;
			sourceTree = "<group>";
		};
		1D30F6B123CB299E00DDD86F /* Frameworks */ = {
			isa = PBXGroup;
			children = (
				1D30F6B423CB29A700DDD86F /* StoreKit.framework */,
				1D30F6B223CB299E00DDD86F /* CoreSpotlight.framework */,
				A02EE186C5891938B20F9D34 /* Pods_ZappiOS.framework */,
				48BCB8F0F692A4D55E8D12E9 /* Pods_ZappiOSTests.framework */,
				A0465E6BC9CB29C5CE647130 /* Pods_NotificationServiceExtension.framework */,
				1D68DC3E2483B16000844CB3 /* UserNotifications.framework */,
				1D68DC402483B16000844CB3 /* UserNotificationsUI.framework */,
			);
			name = Frameworks;
			sourceTree = "<group>";
		};
		1D30F6B623CB2CE800DDD86F /* ZappApple */ = {
			isa = PBXGroup;
			children = (
				40EE124C2409CEED00B052C2 /* Helpers */,
				1D30F6B723CB2CE800DDD86F /* Customization */,
				1D30F6BB23CB2CE800DDD86F /* AppDelegateBase.swift */,
			);
			name = ZappApple;
			path = ../ZappApple;
			sourceTree = "<group>";
		};
		1D30F6B723CB2CE800DDD86F /* Customization */ = {
			isa = PBXGroup;
			children = (
				1D30F6B823CB2CE800DDD86F /* ApplicationCredentials.swift */,
				1D30F6B923CB2CE800DDD86F /* FeaturesCustomization.plist */,
				1D30F6BA23CB2CE800DDD86F /* ZappStyles.json */,
			);
			path = Customization;
			sourceTree = "<group>";
		};
		1D30F6C023CB2D3C00DDD86F /* Entitlements */ = {
			isa = PBXGroup;
			children = (
				1D30F6C123CB2D5F00DDD86F /* ZappiOS-Debug.entitlements */,
				1D30F6C223CB2D5F00DDD86F /* ZappiOS-Release.entitlements */,
			);
			path = Entitlements;
			sourceTree = "<group>";
		};
		1D68DC422483B16000844CB3 /* NotificationContentExtension */ = {
			isa = PBXGroup;
			children = (
				1D68DC522483D88100844CB3 /* Entitlements */,
				1D68DC432483B16000844CB3 /* NotificationViewController.swift */,
				1D68DC452483B16000844CB3 /* MainInterface.storyboard */,
				1D68DC482483B16000844CB3 /* Info.plist */,
			);
			path = NotificationContentExtension;
			sourceTree = "<group>";
		};
		1D68DC522483D88100844CB3 /* Entitlements */ = {
			isa = PBXGroup;
			children = (
				1D68DC532483D88100844CB3 /* NotificationContentExtension-Debug.entitlements */,
				1D68DC542483D88100844CB3 /* NotificationContentExtension-Release.entitlements */,
			);
			path = Entitlements;
			sourceTree = "<group>";
		};
		40EE124C2409CEED00B052C2 /* Helpers */ = {
			isa = PBXGroup;
			children = (
				40EE124D2409CEED00B052C2 /* FirebaseHandler */,
			);
			path = Helpers;
			sourceTree = "<group>";
		};
		40EE124D2409CEED00B052C2 /* FirebaseHandler */ = {
			isa = PBXGroup;
			children = (
				40EE124E2409CEED00B052C2 /* FirebaseHandler.swift */,
			);
			path = FirebaseHandler;
			sourceTree = "<group>";
		};
		962909C6860707622DAEC497 /* Pods */ = {
			isa = PBXGroup;
			children = (
				64287BEDF68DCEE157F26C6E /* Pods-ZappiOS.debug.xcconfig */,
				B3D8A83C14589D0BC983D218 /* Pods-ZappiOS.release.xcconfig */,
				A9C5D8DDDBA59C5D9F3C5B4B /* Pods-ZappiOSTests.debug.xcconfig */,
				9DE1E4F2BB238AD9FBF3544E /* Pods-ZappiOSTests.release.xcconfig */,
				921EE6DFD8C836B3E72DEEF7 /* Pods-NotificationServiceExtension.debug.xcconfig */,
				02DA1D072AF84F692D5B222C /* Pods-NotificationServiceExtension.release.xcconfig */,
			);
			path = Pods;
			sourceTree = "<group>";
		};
/* End PBXGroup section */

/* Begin PBXNativeTarget section */
		1D18FB6423CFB6F00018D15E /* NotificationServiceExtension */ = {
			isa = PBXNativeTarget;
			buildConfigurationList = 1D18FB7023CFB6F00018D15E /* Build configuration list for PBXNativeTarget "NotificationServiceExtension" */;
			buildPhases = (
				4BD0D54AEBDE78FF4EA4E19D /* [CP] Check Pods Manifest.lock */,
				1D18FB6123CFB6F00018D15E /* Sources */,
				1D18FB6223CFB6F00018D15E /* Frameworks */,
				1D18FB6323CFB6F00018D15E /* Resources */,
			);
			buildRules = (
			);
			dependencies = (
			);
			name = NotificationServiceExtension;
			productName = NotificationServiceExtension;
			productReference = 1D18FB6523CFB6F00018D15E /* NotificationServiceExtension.appex */;
			productType = "com.apple.product-type.app-extension";
		};
		1D30F67D23CB297F00DDD86F /* ZappiOS */ = {
			isa = PBXNativeTarget;
			buildConfigurationList = 1D30F6A823CB298000DDD86F /* Build configuration list for PBXNativeTarget "ZappiOS" */;
			buildPhases = (
				7555E51D690404557FF08046 /* [CP] Check Pods Manifest.lock */,
				1D30F67A23CB297F00DDD86F /* Sources */,
				1D30F67B23CB297F00DDD86F /* Frameworks */,
				1D30F67C23CB297F00DDD86F /* Resources */,
				1D3FE37823D8C495002B5E30 /* Copy App Resources */,
				98084FA0981C9CFDEFCDDA79 /* [CP] Embed Pods Frameworks */,
				776F1B4BBF70BACD1B9DCC54 /* [CP] Copy Pods Resources */,
				1D30F6C323CB469100DDD86F /* Run xcode fix */,
				1DD19CBD241E7B3200D77827 /* Embed App Extensions */,
				1D30F6C423CB46CE00DDD86F /* Run React Native Packager */,
			);
			buildRules = (
			);
			dependencies = (
				1D68DC5F2484078500844CB3 /* PBXTargetDependency */,
				1D68DC5D2484078200844CB3 /* PBXTargetDependency */,
			);
			name = ZappiOS;
			productName = ZappiOS;
			productReference = 1D30F67E23CB297F00DDD86F /* ZappiOS.app */;
			productType = "com.apple.product-type.application";
		};
		1D30F69323CB298000DDD86F /* ZappiOSTests */ = {
			isa = PBXNativeTarget;
			buildConfigurationList = 1D30F6AB23CB298000DDD86F /* Build configuration list for PBXNativeTarget "ZappiOSTests" */;
			buildPhases = (
				13A588E6864457648AAEAF47 /* [CP] Check Pods Manifest.lock */,
				1D30F69023CB298000DDD86F /* Sources */,
				1D30F69123CB298000DDD86F /* Frameworks */,
				1D30F69223CB298000DDD86F /* Resources */,
			);
			buildRules = (
			);
			dependencies = (
				1D30F69623CB298000DDD86F /* PBXTargetDependency */,
			);
			name = ZappiOSTests;
			productName = ZappiOSTests;
			productReference = 1D30F69423CB298000DDD86F /* ZappiOSTests.xctest */;
			productType = "com.apple.product-type.bundle.unit-test";
		};
		1D30F69E23CB298000DDD86F /* ZappiOSUITests */ = {
			isa = PBXNativeTarget;
			buildConfigurationList = 1D30F6AE23CB298000DDD86F /* Build configuration list for PBXNativeTarget "ZappiOSUITests" */;
			buildPhases = (
				1D30F69B23CB298000DDD86F /* Sources */,
				1D30F69C23CB298000DDD86F /* Frameworks */,
				1D30F69D23CB298000DDD86F /* Resources */,
			);
			buildRules = (
			);
			dependencies = (
				1D30F6A123CB298000DDD86F /* PBXTargetDependency */,
			);
			name = ZappiOSUITests;
			productName = ZappiOSUITests;
			productReference = 1D30F69F23CB298000DDD86F /* ZappiOSUITests.xctest */;
			productType = "com.apple.product-type.bundle.ui-testing";
		};
		1D68DC3C2483B16000844CB3 /* NotificationContentExtension */ = {
			isa = PBXNativeTarget;
			buildConfigurationList = 1D68DC4E2483B16000844CB3 /* Build configuration list for PBXNativeTarget "NotificationContentExtension" */;
			buildPhases = (
				1D68DC392483B16000844CB3 /* Sources */,
				1D68DC3A2483B16000844CB3 /* Frameworks */,
				1D68DC3B2483B16000844CB3 /* Resources */,
			);
			buildRules = (
			);
			dependencies = (
			);
			name = NotificationContentExtension;
			productName = NotificationContentExtension;
			productReference = 1D68DC3D2483B16000844CB3 /* NotificationContentExtension.appex */;
			productType = "com.apple.product-type.app-extension";
		};
/* End PBXNativeTarget section */

/* Begin PBXProject section */
		1D30F67623CB297F00DDD86F /* Project object */ = {
			isa = PBXProject;
			attributes = {
				LastSwiftUpdateCheck = 1130;
				LastUpgradeCheck = 1130;
				ORGANIZATIONNAME = "Applicaster Ltd.";
				TargetAttributes = {
					1D18FB6423CFB6F00018D15E = {
						CreatedOnToolsVersion = 11.3.1;
					};
					1D30F67D23CB297F00DDD86F = {
						CreatedOnToolsVersion = 11.3;
					};
					1D30F69323CB298000DDD86F = {
						CreatedOnToolsVersion = 11.3;
						TestTargetID = 1D30F67D23CB297F00DDD86F;
					};
					1D30F69E23CB298000DDD86F = {
						CreatedOnToolsVersion = 11.3;
						TestTargetID = 1D30F67D23CB297F00DDD86F;
					};
					1D68DC3C2483B16000844CB3 = {
						CreatedOnToolsVersion = 11.3.1;
					};
				};
			};
			buildConfigurationList = 1D30F67923CB297F00DDD86F /* Build configuration list for PBXProject "ZappiOS" */;
			compatibilityVersion = "Xcode 9.3";
			developmentRegion = en;
			hasScannedForEncodings = 0;
			knownRegions = (
				en,
				Base,
			);
			mainGroup = 1D30F67523CB297F00DDD86F;
			productRefGroup = 1D30F67F23CB297F00DDD86F /* Products */;
			projectDirPath = "";
			projectRoot = "";
			targets = (
				1D30F67D23CB297F00DDD86F /* ZappiOS */,
				1D30F69323CB298000DDD86F /* ZappiOSTests */,
				1D30F69E23CB298000DDD86F /* ZappiOSUITests */,
				1D18FB6423CFB6F00018D15E /* NotificationServiceExtension */,
				1D68DC3C2483B16000844CB3 /* NotificationContentExtension */,
			);
		};
/* End PBXProject section */

/* Begin PBXResourcesBuildPhase section */
		1D18FB6323CFB6F00018D15E /* Resources */ = {
			isa = PBXResourcesBuildPhase;
			buildActionMask = 2147483647;
			files = (
			);
			runOnlyForDeploymentPostprocessing = 0;
		};
		1D30F67C23CB297F00DDD86F /* Resources */ = {
			isa = PBXResourcesBuildPhase;
			buildActionMask = 2147483647;
			files = (
				0F5EC59624756F3C00F994B9 /* SFProText-Heavy.otf in Resources */,
				0F5EC59924756F3C00F994B9 /* SFProDisplay-Ultralight.otf in Resources */,
				0F5EC59524756F3C00F994B9 /* SFProText-Light.otf in Resources */,
				0F5EC59E24756F3C00F994B9 /* SFProDisplay-RegularItalic.otf in Resources */,
				0F5EC5A024756F3C00F994B9 /* SFProDisplay-Medium.otf in Resources */,
				0F5EC59B24756F3C00F994B9 /* SFProText-BlackItalic.otf in Resources */,
				0F5EC58924756F3C00F994B9 /* SFProText-ThinItalic.otf in Resources */,
				0F5EC59024756F3C00F994B9 /* SFProDisplay-BlackItalic.otf in Resources */,
				0F5EC58324756F3C00F994B9 /* SFProText-SemiboldItalic.otf in Resources */,
				0F5EC58124756F3C00F994B9 /* SFProText-Thin.otf in Resources */,
				0F5EC58624756F3C00F994B9 /* SFProDisplay-Light.otf in Resources */,
				0F5EC58F24756F3C00F994B9 /* SFProDisplay-Semibold.otf in Resources */,
				0F5EC59F24756F3C00F994B9 /* SFProText-Black.otf in Resources */,
				0F5EC59724756F3C00F994B9 /* SFProText-Medium.otf in Resources */,
				1D30F6BD23CB2CE800DDD86F /* FeaturesCustomization.plist in Resources */,
				0F5EC59D24756F3C00F994B9 /* SFProText-Bold.otf in Resources */,
				1D30F6BE23CB2CE800DDD86F /* ZappStyles.json in Resources */,
				0F5EC58C24756F3C00F994B9 /* SFProDisplay-Bold.otf in Resources */,
				0F5EC59424756F3C00F994B9 /* SFProDisplay-ThinItalic.otf in Resources */,
				40FB300923F1A69800B76AD0 /* GoogleService-Info.plist in Resources */,
				0F5EC59824756F3C00F994B9 /* SFProDisplay-BoldItalic.otf in Resources */,
				0F5EC59124756F3C00F994B9 /* SFProText-Semibold.otf in Resources */,
				0F5EC57D24756F3C00F994B9 /* SFProDisplay-HeavyItalic.otf in Resources */,
				0F5EC58024756F3C00F994B9 /* SFProDisplay-UltralightItalic.otf in Resources */,
				0F5EC58424756F3C00F994B9 /* SFProText-HeavyItalic.otf in Resources */,
				0F5EC57E24756F3C00F994B9 /* SFProDisplay-Thin.otf in Resources */,
				0F5EC58224756F3C00F994B9 /* SFProDisplay-SemiboldItalic.otf in Resources */,
				0F5EC59A24756F3C00F994B9 /* SFProText-UltralightItalic.otf in Resources */,
				0F5EC59224756F3C00F994B9 /* SFProText-Regular.otf in Resources */,
				0F5EC58724756F3C00F994B9 /* SFProText-Ultralight.otf in Resources */,
				1D30F68B23CB298000DDD86F /* Assets.xcassets in Resources */,
				0F5EC58D24756F3C00F994B9 /* SFProDisplay-Heavy.otf in Resources */,
				0F5EC59C24756F3C00F994B9 /* SFProText-MediumItalic.otf in Resources */,
				0F5EC58B24756F3C00F994B9 /* SFProText-RegularItalic.otf in Resources */,
				0F5EC58824756F3C00F994B9 /* SFProText-BoldItalic.otf in Resources */,
				0F5EC57F24756F3C00F994B9 /* SFProDisplay-LightItalic.otf in Resources */,
				0F5EC58E24756F3C00F994B9 /* SFProText-LightItalic.otf in Resources */,
				0F5EC59324756F3C00F994B9 /* SFProDisplay-MediumItalic.otf in Resources */,
				0F5EC58524756F3C00F994B9 /* SFProDisplay-Regular.otf in Resources */,
				1D30F68923CB297F00DDD86F /* Main.storyboard in Resources */,
				0F5EC58A24756F3C00F994B9 /* SFProDisplay-Black.otf in Resources */,
			);
			runOnlyForDeploymentPostprocessing = 0;
		};
		1D30F69223CB298000DDD86F /* Resources */ = {
			isa = PBXResourcesBuildPhase;
			buildActionMask = 2147483647;
			files = (
			);
			runOnlyForDeploymentPostprocessing = 0;
		};
		1D30F69D23CB298000DDD86F /* Resources */ = {
			isa = PBXResourcesBuildPhase;
			buildActionMask = 2147483647;
			files = (
			);
			runOnlyForDeploymentPostprocessing = 0;
		};
		1D68DC3B2483B16000844CB3 /* Resources */ = {
			isa = PBXResourcesBuildPhase;
			buildActionMask = 2147483647;
			files = (
				1D68DC472483B16000844CB3 /* MainInterface.storyboard in Resources */,
			);
			runOnlyForDeploymentPostprocessing = 0;
		};
/* End PBXResourcesBuildPhase section */

/* Begin PBXShellScriptBuildPhase section */
		13A588E6864457648AAEAF47 /* [CP] Check Pods Manifest.lock */ = {
			isa = PBXShellScriptBuildPhase;
			buildActionMask = 2147483647;
			files = (
			);
			inputFileListPaths = (
			);
			inputPaths = (
				"${PODS_PODFILE_DIR_PATH}/Podfile.lock",
				"${PODS_ROOT}/Manifest.lock",
			);
			name = "[CP] Check Pods Manifest.lock";
			outputFileListPaths = (
			);
			outputPaths = (
				"$(DERIVED_FILE_DIR)/Pods-ZappiOSTests-checkManifestLockResult.txt",
			);
			runOnlyForDeploymentPostprocessing = 0;
			shellPath = /bin/sh;
			shellScript = "diff \"${PODS_PODFILE_DIR_PATH}/Podfile.lock\" \"${PODS_ROOT}/Manifest.lock\" > /dev/null\nif [ $? != 0 ] ; then\n    # print error to STDERR\n    echo \"error: The sandbox is not in sync with the Podfile.lock. Run 'pod install' or update your CocoaPods installation.\" >&2\n    exit 1\nfi\n# This output is used by Xcode 'outputs' to avoid re-running this script phase.\necho \"SUCCESS\" > \"${SCRIPT_OUTPUT_FILE_0}\"\n";
			showEnvVarsInLog = 0;
		};
		1D30F6C323CB469100DDD86F /* Run xcode fix */ = {
			isa = PBXShellScriptBuildPhase;
			buildActionMask = 2147483647;
			files = (
			);
			inputFileListPaths = (
			);
			inputPaths = (
			);
			name = "Run xcode fix";
			outputFileListPaths = (
			);
			outputPaths = (
			);
			runOnlyForDeploymentPostprocessing = 0;
			shellPath = /bin/sh;
			shellScript = "# This fix must be removed after Xcode 10 fix will be release by apple\n# Prevent clearing project cache after user changes any line of code in dev pods\nfind \"${SRCROOT}/Pods\" -type f -name *frameworks.sh -exec bash -c \"touch \\\"{}\\\"\" \\;\n";
		};
		1D30F6C423CB46CE00DDD86F /* Run React Native Packager */ = {
			isa = PBXShellScriptBuildPhase;
			buildActionMask = 2147483647;
			files = (
			);
			inputFileListPaths = (
			);
			inputPaths = (
			);
			name = "Run React Native Packager";
			outputFileListPaths = (
			);
			outputPaths = (
			);
			runOnlyForDeploymentPostprocessing = 0;
			shellPath = /bin/sh;
			shellScript = "sh \"${SRCROOT}/../Scripts/run-react-server.sh\"\n";
		};
		1D3FE37823D8C495002B5E30 /* Copy App Resources */ = {
			isa = PBXShellScriptBuildPhase;
			buildActionMask = 2147483647;
			files = (
			);
			inputFileListPaths = (
			);
			inputPaths = (
			);
			name = "Copy App Resources";
			outputFileListPaths = (
			);
			outputPaths = (
			);
			runOnlyForDeploymentPostprocessing = 0;
			shellPath = /bin/sh;
			shellScript = "# Remove not needed resources\nfind \"${SRCROOT}/quick_brick/assets/ios\" -type f -name 'Default-*.png' -delete\nfind \"${SRCROOT}/${PRODUCT_NAME}/Resources\" -type f -name 'Default-L*.png' -delete\n# Copy resourses to app\ncp -r \"${SRCROOT}/quick_brick/assets/ios/\" \"${CONFIGURATION_BUILD_DIR}/${UNLOCALIZED_RESOURCES_FOLDER_PATH}\"\ncp -r \"${SRCROOT}/${PRODUCT_NAME}/Resources/\" \"${CONFIGURATION_BUILD_DIR}/${UNLOCALIZED_RESOURCES_FOLDER_PATH}\"\n";
		};
		4BD0D54AEBDE78FF4EA4E19D /* [CP] Check Pods Manifest.lock */ = {
			isa = PBXShellScriptBuildPhase;
			buildActionMask = 2147483647;
			files = (
			);
			inputFileListPaths = (
			);
			inputPaths = (
				"${PODS_PODFILE_DIR_PATH}/Podfile.lock",
				"${PODS_ROOT}/Manifest.lock",
			);
			name = "[CP] Check Pods Manifest.lock";
			outputFileListPaths = (
			);
			outputPaths = (
				"$(DERIVED_FILE_DIR)/Pods-NotificationServiceExtension-checkManifestLockResult.txt",
			);
			runOnlyForDeploymentPostprocessing = 0;
			shellPath = /bin/sh;
			shellScript = "diff \"${PODS_PODFILE_DIR_PATH}/Podfile.lock\" \"${PODS_ROOT}/Manifest.lock\" > /dev/null\nif [ $? != 0 ] ; then\n    # print error to STDERR\n    echo \"error: The sandbox is not in sync with the Podfile.lock. Run 'pod install' or update your CocoaPods installation.\" >&2\n    exit 1\nfi\n# This output is used by Xcode 'outputs' to avoid re-running this script phase.\necho \"SUCCESS\" > \"${SCRIPT_OUTPUT_FILE_0}\"\n";
			showEnvVarsInLog = 0;
		};
		7555E51D690404557FF08046 /* [CP] Check Pods Manifest.lock */ = {
			isa = PBXShellScriptBuildPhase;
			buildActionMask = 2147483647;
			files = (
			);
			inputFileListPaths = (
			);
			inputPaths = (
				"${PODS_PODFILE_DIR_PATH}/Podfile.lock",
				"${PODS_ROOT}/Manifest.lock",
			);
			name = "[CP] Check Pods Manifest.lock";
			outputFileListPaths = (
			);
			outputPaths = (
				"$(DERIVED_FILE_DIR)/Pods-ZappiOS-checkManifestLockResult.txt",
			);
			runOnlyForDeploymentPostprocessing = 0;
			shellPath = /bin/sh;
			shellScript = "diff \"${PODS_PODFILE_DIR_PATH}/Podfile.lock\" \"${PODS_ROOT}/Manifest.lock\" > /dev/null\nif [ $? != 0 ] ; then\n    # print error to STDERR\n    echo \"error: The sandbox is not in sync with the Podfile.lock. Run 'pod install' or update your CocoaPods installation.\" >&2\n    exit 1\nfi\n# This output is used by Xcode 'outputs' to avoid re-running this script phase.\necho \"SUCCESS\" > \"${SCRIPT_OUTPUT_FILE_0}\"\n";
			showEnvVarsInLog = 0;
		};
		776F1B4BBF70BACD1B9DCC54 /* [CP] Copy Pods Resources */ = {
			isa = PBXShellScriptBuildPhase;
			buildActionMask = 2147483647;
			files = (
			);
			inputFileListPaths = (
				"${PODS_ROOT}/Target Support Files/Pods-ZappiOS/Pods-ZappiOS-resources-${CONFIGURATION}-input-files.xcfilelist",
			);
			name = "[CP] Copy Pods Resources";
			outputFileListPaths = (
				"${PODS_ROOT}/Target Support Files/Pods-ZappiOS/Pods-ZappiOS-resources-${CONFIGURATION}-output-files.xcfilelist",
			);
			runOnlyForDeploymentPostprocessing = 0;
			shellPath = /bin/sh;
			shellScript = "\"${PODS_ROOT}/Target Support Files/Pods-ZappiOS/Pods-ZappiOS-resources.sh\"\n";
			showEnvVarsInLog = 0;
		};
		98084FA0981C9CFDEFCDDA79 /* [CP] Embed Pods Frameworks */ = {
			isa = PBXShellScriptBuildPhase;
			buildActionMask = 2147483647;
			files = (
			);
			inputFileListPaths = (
				"${PODS_ROOT}/Target Support Files/Pods-ZappiOS/Pods-ZappiOS-frameworks-${CONFIGURATION}-input-files.xcfilelist",
			);
			name = "[CP] Embed Pods Frameworks";
			outputFileListPaths = (
				"${PODS_ROOT}/Target Support Files/Pods-ZappiOS/Pods-ZappiOS-frameworks-${CONFIGURATION}-output-files.xcfilelist",
			);
			runOnlyForDeploymentPostprocessing = 0;
			shellPath = /bin/sh;
			shellScript = "\"${PODS_ROOT}/Target Support Files/Pods-ZappiOS/Pods-ZappiOS-frameworks.sh\"\n";
			showEnvVarsInLog = 0;
		};
/* End PBXShellScriptBuildPhase section */

/* Begin PBXSourcesBuildPhase section */
		1D18FB6123CFB6F00018D15E /* Sources */ = {
			isa = PBXSourcesBuildPhase;
			buildActionMask = 2147483647;
			files = (
				1D18FB7523CFB76F0018D15E /* NotificationService+Helper.swift in Sources */,
				1D18FB6823CFB6F00018D15E /* NotificationService.swift in Sources */,
			);
			runOnlyForDeploymentPostprocessing = 0;
		};
		1D30F67A23CB297F00DDD86F /* Sources */ = {
			isa = PBXSourcesBuildPhase;
			buildActionMask = 2147483647;
			files = (
				1D30F6BF23CB2CE800DDD86F /* AppDelegateBase.swift in Sources */,
				1D30F68223CB297F00DDD86F /* AppDelegate.swift in Sources */,
				1D30F6BC23CB2CE800DDD86F /* ApplicationCredentials.swift in Sources */,
				4054F78724291A0B00CAA312 /* AppDelegate+UNUserNotificationCenterDelegate.swift in Sources */,
				40EE124F2409CEED00B052C2 /* FirebaseHandler.swift in Sources */,
			);
			runOnlyForDeploymentPostprocessing = 0;
		};
		1D30F69023CB298000DDD86F /* Sources */ = {
			isa = PBXSourcesBuildPhase;
			buildActionMask = 2147483647;
			files = (
				1D30F69923CB298000DDD86F /* ZappiOSTests.swift in Sources */,
			);
			runOnlyForDeploymentPostprocessing = 0;
		};
		1D30F69B23CB298000DDD86F /* Sources */ = {
			isa = PBXSourcesBuildPhase;
			buildActionMask = 2147483647;
			files = (
				1D30F6A423CB298000DDD86F /* ZappiOSUITests.swift in Sources */,
			);
			runOnlyForDeploymentPostprocessing = 0;
		};
		1D68DC392483B16000844CB3 /* Sources */ = {
			isa = PBXSourcesBuildPhase;
			buildActionMask = 2147483647;
			files = (
				1D68DC442483B16000844CB3 /* NotificationViewController.swift in Sources */,
			);
			runOnlyForDeploymentPostprocessing = 0;
		};
/* End PBXSourcesBuildPhase section */

/* Begin PBXTargetDependency section */
		1D30F69623CB298000DDD86F /* PBXTargetDependency */ = {
			isa = PBXTargetDependency;
			target = 1D30F67D23CB297F00DDD86F /* ZappiOS */;
			targetProxy = 1D30F69523CB298000DDD86F /* PBXContainerItemProxy */;
		};
		1D30F6A123CB298000DDD86F /* PBXTargetDependency */ = {
			isa = PBXTargetDependency;
			target = 1D30F67D23CB297F00DDD86F /* ZappiOS */;
			targetProxy = 1D30F6A023CB298000DDD86F /* PBXContainerItemProxy */;
		};
		1D68DC5D2484078200844CB3 /* PBXTargetDependency */ = {
			isa = PBXTargetDependency;
			target = 1D68DC3C2483B16000844CB3 /* NotificationContentExtension */;
			targetProxy = 1D68DC5C2484078200844CB3 /* PBXContainerItemProxy */;
		};
		1D68DC5F2484078500844CB3 /* PBXTargetDependency */ = {
			isa = PBXTargetDependency;
			target = 1D18FB6423CFB6F00018D15E /* NotificationServiceExtension */;
			targetProxy = 1D68DC5E2484078500844CB3 /* PBXContainerItemProxy */;
		};
/* End PBXTargetDependency section */

/* Begin PBXVariantGroup section */
		1D30F68723CB297F00DDD86F /* Main.storyboard */ = {
			isa = PBXVariantGroup;
			children = (
				1D30F68823CB297F00DDD86F /* Base */,
			);
			name = Main.storyboard;
			sourceTree = "<group>";
		};
		1D68DC452483B16000844CB3 /* MainInterface.storyboard */ = {
			isa = PBXVariantGroup;
			children = (
				1D68DC462483B16000844CB3 /* Base */,
			);
			name = MainInterface.storyboard;
			sourceTree = "<group>";
		};
/* End PBXVariantGroup section */

/* Begin XCBuildConfiguration section */
		1D18FB6E23CFB6F00018D15E /* Debug */ = {
			isa = XCBuildConfiguration;
			baseConfigurationReference = 921EE6DFD8C836B3E72DEEF7 /* Pods-NotificationServiceExtension.debug.xcconfig */;
			buildSettings = {
				CODE_SIGN_ENTITLEMENTS = "$(TARGET_NAME)/Entitlements/$(TARGET_NAME)-Debug.entitlements";
				CODE_SIGN_IDENTITY = "iPhone Developer";
				CODE_SIGN_STYLE = Manual;
				DEVELOPMENT_TEAM = "";
				INFOPLIST_FILE = NotificationServiceExtension/Info.plist;
				IPHONEOS_DEPLOYMENT_TARGET = 11.0;
				LD_RUNPATH_SEARCH_PATHS = (
					"$(inherited)",
					"@executable_path/Frameworks",
					"@executable_path/../../Frameworks",
				);
				NOTIFICATION_SERVICE_EXTENSION_PROV_PROFILE_SPECIFIER = "";
				PRODUCT_BUNDLE_IDENTIFIER = com.applicaster.ZappiOS.NotificationServiceExtension;
				PRODUCT_NAME = "$(TARGET_NAME)";
				PROVISIONING_PROFILE_SPECIFIER = "$(NOTIFICATION_SERVICE_EXTENSION_PROV_PROFILE_SPECIFIER)";
				SKIP_INSTALL = YES;
				TARGETED_DEVICE_FAMILY = "1,2";
			};
			name = Debug;
		};
		1D18FB6F23CFB6F00018D15E /* Release */ = {
			isa = XCBuildConfiguration;
			baseConfigurationReference = 02DA1D072AF84F692D5B222C /* Pods-NotificationServiceExtension.release.xcconfig */;
			buildSettings = {
				CODE_SIGN_ENTITLEMENTS = "$(TARGET_NAME)/Entitlements/$(TARGET_NAME)-Release.entitlements";
				CODE_SIGN_IDENTITY = "iPhone Distribution";
				CODE_SIGN_STYLE = Manual;
				DEVELOPMENT_TEAM = "";
				INFOPLIST_FILE = NotificationServiceExtension/Info.plist;
				IPHONEOS_DEPLOYMENT_TARGET = 11.0;
				LD_RUNPATH_SEARCH_PATHS = (
					"$(inherited)",
					"@executable_path/Frameworks",
					"@executable_path/../../Frameworks",
				);
				NOTIFICATION_SERVICE_EXTENSION_PROV_PROFILE_SPECIFIER = "";
				PRODUCT_BUNDLE_IDENTIFIER = com.applicaster.ZappiOS.NotificationServiceExtension;
				PRODUCT_NAME = "$(TARGET_NAME)";
				PROVISIONING_PROFILE_SPECIFIER = "$(NOTIFICATION_SERVICE_EXTENSION_PROV_PROFILE_SPECIFIER)";
				SKIP_INSTALL = YES;
				TARGETED_DEVICE_FAMILY = "1,2";
			};
			name = Release;
		};
		1D30F6A623CB298000DDD86F /* Debug */ = {
			isa = XCBuildConfiguration;
			buildSettings = {
				ALWAYS_SEARCH_USER_PATHS = NO;
				CLANG_ANALYZER_NONNULL = YES;
				CLANG_ANALYZER_NUMBER_OBJECT_CONVERSION = YES_AGGRESSIVE;
				CLANG_CXX_LANGUAGE_STANDARD = "gnu++14";
				CLANG_CXX_LIBRARY = "compiler-default";
				CLANG_ENABLE_MODULES = YES;
				CLANG_ENABLE_OBJC_ARC = YES;
				CLANG_ENABLE_OBJC_WEAK = YES;
				CLANG_WARN_BLOCK_CAPTURE_AUTORELEASING = YES;
				CLANG_WARN_BOOL_CONVERSION = YES;
				CLANG_WARN_COMMA = YES;
				CLANG_WARN_CONSTANT_CONVERSION = YES;
				CLANG_WARN_DEPRECATED_OBJC_IMPLEMENTATIONS = YES;
				CLANG_WARN_DIRECT_OBJC_ISA_USAGE = YES_ERROR;
				CLANG_WARN_DOCUMENTATION_COMMENTS = YES;
				CLANG_WARN_EMPTY_BODY = YES;
				CLANG_WARN_ENUM_CONVERSION = YES;
				CLANG_WARN_INFINITE_RECURSION = YES;
				CLANG_WARN_INT_CONVERSION = YES;
				CLANG_WARN_NON_LITERAL_NULL_CONVERSION = YES;
				CLANG_WARN_OBJC_IMPLICIT_RETAIN_SELF = YES;
				CLANG_WARN_OBJC_LITERAL_CONVERSION = YES;
				CLANG_WARN_OBJC_ROOT_CLASS = YES_ERROR;
				CLANG_WARN_RANGE_LOOP_ANALYSIS = YES;
				CLANG_WARN_STRICT_PROTOTYPES = YES;
				CLANG_WARN_SUSPICIOUS_MOVE = YES;
				CLANG_WARN_UNGUARDED_AVAILABILITY = YES_AGGRESSIVE;
				CLANG_WARN_UNREACHABLE_CODE = YES;
				CLANG_WARN__DUPLICATE_METHOD_MATCH = YES;
				COPY_PHASE_STRIP = NO;
				DEBUG_INFORMATION_FORMAT = "dwarf-with-dsym";
				ENABLE_STRICT_OBJC_MSGSEND = YES;
				ENABLE_TESTABILITY = YES;
				GCC_C_LANGUAGE_STANDARD = gnu11;
				GCC_DYNAMIC_NO_PIC = NO;
				GCC_NO_COMMON_BLOCKS = YES;
				GCC_OPTIMIZATION_LEVEL = 0;
				GCC_PREPROCESSOR_DEFINITIONS = (
					"DEBUG=1",
					"$(inherited)",
				);
				GCC_WARN_64_TO_32_BIT_CONVERSION = YES;
				GCC_WARN_ABOUT_RETURN_TYPE = YES_ERROR;
				GCC_WARN_UNDECLARED_SELECTOR = YES;
				GCC_WARN_UNINITIALIZED_AUTOS = YES_AGGRESSIVE;
				GCC_WARN_UNUSED_FUNCTION = YES;
				GCC_WARN_UNUSED_VARIABLE = YES;
				IPHONEOS_DEPLOYMENT_TARGET = 10.0;
				MTL_ENABLE_DEBUG_INFO = INCLUDE_SOURCE;
				MTL_FAST_MATH = YES;
				ONLY_ACTIVE_ARCH = YES;
				SDKROOT = iphoneos;
				SWIFT_ACTIVE_COMPILATION_CONDITIONS = DEBUG;
				SWIFT_OPTIMIZATION_LEVEL = "-Onone";
				SWIFT_VERSION = 5.0;
				TARGETED_DEVICE_FAMILY = "1,2";
			};
			name = Debug;
		};
		1D30F6A723CB298000DDD86F /* Release */ = {
			isa = XCBuildConfiguration;
			buildSettings = {
				ALWAYS_SEARCH_USER_PATHS = NO;
				CLANG_ANALYZER_NONNULL = YES;
				CLANG_ANALYZER_NUMBER_OBJECT_CONVERSION = YES_AGGRESSIVE;
				CLANG_CXX_LANGUAGE_STANDARD = "gnu++14";
				CLANG_CXX_LIBRARY = "compiler-default";
				CLANG_ENABLE_MODULES = YES;
				CLANG_ENABLE_OBJC_ARC = YES;
				CLANG_ENABLE_OBJC_WEAK = YES;
				CLANG_WARN_BLOCK_CAPTURE_AUTORELEASING = YES;
				CLANG_WARN_BOOL_CONVERSION = YES;
				CLANG_WARN_COMMA = YES;
				CLANG_WARN_CONSTANT_CONVERSION = YES;
				CLANG_WARN_DEPRECATED_OBJC_IMPLEMENTATIONS = YES;
				CLANG_WARN_DIRECT_OBJC_ISA_USAGE = YES_ERROR;
				CLANG_WARN_DOCUMENTATION_COMMENTS = YES;
				CLANG_WARN_EMPTY_BODY = YES;
				CLANG_WARN_ENUM_CONVERSION = YES;
				CLANG_WARN_INFINITE_RECURSION = YES;
				CLANG_WARN_INT_CONVERSION = YES;
				CLANG_WARN_NON_LITERAL_NULL_CONVERSION = YES;
				CLANG_WARN_OBJC_IMPLICIT_RETAIN_SELF = YES;
				CLANG_WARN_OBJC_LITERAL_CONVERSION = YES;
				CLANG_WARN_OBJC_ROOT_CLASS = YES_ERROR;
				CLANG_WARN_RANGE_LOOP_ANALYSIS = YES;
				CLANG_WARN_STRICT_PROTOTYPES = YES;
				CLANG_WARN_SUSPICIOUS_MOVE = YES;
				CLANG_WARN_UNGUARDED_AVAILABILITY = YES_AGGRESSIVE;
				CLANG_WARN_UNREACHABLE_CODE = YES;
				CLANG_WARN__DUPLICATE_METHOD_MATCH = YES;
				COPY_PHASE_STRIP = NO;
				DEBUG_INFORMATION_FORMAT = "dwarf-with-dsym";
				ENABLE_NS_ASSERTIONS = NO;
				ENABLE_STRICT_OBJC_MSGSEND = YES;
				GCC_C_LANGUAGE_STANDARD = gnu11;
				GCC_NO_COMMON_BLOCKS = YES;
				GCC_WARN_64_TO_32_BIT_CONVERSION = YES;
				GCC_WARN_ABOUT_RETURN_TYPE = YES_ERROR;
				GCC_WARN_UNDECLARED_SELECTOR = YES;
				GCC_WARN_UNINITIALIZED_AUTOS = YES_AGGRESSIVE;
				GCC_WARN_UNUSED_FUNCTION = YES;
				GCC_WARN_UNUSED_VARIABLE = YES;
				IPHONEOS_DEPLOYMENT_TARGET = 10.0;
				MTL_ENABLE_DEBUG_INFO = NO;
				MTL_FAST_MATH = YES;
				SDKROOT = iphoneos;
				SWIFT_COMPILATION_MODE = wholemodule;
				SWIFT_OPTIMIZATION_LEVEL = "-O";
				SWIFT_VERSION = 5.0;
				TARGETED_DEVICE_FAMILY = "1,2";
				VALIDATE_PRODUCT = YES;
			};
			name = Release;
		};
		1D30F6A923CB298000DDD86F /* Debug */ = {
			isa = XCBuildConfiguration;
			baseConfigurationReference = 64287BEDF68DCEE157F26C6E /* Pods-ZappiOS.debug.xcconfig */;
			buildSettings = {
				ASSETCATALOG_COMPILER_APPICON_NAME = AppIcon;
				ASSETCATALOG_COMPILER_LAUNCHIMAGE_NAME = LaunchImage;
				CODE_SIGN_ENTITLEMENTS = "ZappiOS/Entitlements/ZappiOS-Debug.entitlements";
				CODE_SIGN_IDENTITY = "iPhone Developer";
				CODE_SIGN_STYLE = Manual;
				DEVELOPMENT_TEAM = "";
				INFOPLIST_FILE = ZappiOS/Info.plist;
				IPHONEOS_DEPLOYMENT_TARGET = 11.0;
				LD_RUNPATH_SEARCH_PATHS = (
					"$(inherited)",
					"@executable_path/Frameworks",
				);
				MAIN_PROV_PROFILE_SPECIFIER = "";
				PRODUCT_BUNDLE_IDENTIFIER = com.applicaster.ZappiOS;
				PRODUCT_NAME = "$(TARGET_NAME)";
				PROVISIONING_PROFILE_SPECIFIER = "$(MAIN_PROV_PROFILE_SPECIFIER)";
				SWIFT_OBJC_BRIDGING_HEADER = "ZappiOS/ZappiOS-Bridging-Header.h";
			};
			name = Debug;
		};
		1D30F6AA23CB298000DDD86F /* Release */ = {
			isa = XCBuildConfiguration;
			baseConfigurationReference = B3D8A83C14589D0BC983D218 /* Pods-ZappiOS.release.xcconfig */;
			buildSettings = {
				ASSETCATALOG_COMPILER_APPICON_NAME = AppIcon;
				ASSETCATALOG_COMPILER_LAUNCHIMAGE_NAME = LaunchImage;
				CODE_SIGN_ENTITLEMENTS = "ZappiOS/Entitlements/ZappiOS-Release.entitlements";
				CODE_SIGN_IDENTITY = "iPhone Distribution";
				CODE_SIGN_STYLE = Manual;
				COPY_PHASE_STRIP = YES;
				DEVELOPMENT_TEAM = "";
				INFOPLIST_FILE = ZappiOS/Info.plist;
				IPHONEOS_DEPLOYMENT_TARGET = 11.0;
				LD_RUNPATH_SEARCH_PATHS = (
					"$(inherited)",
					"@executable_path/Frameworks",
				);
				MAIN_PROV_PROFILE_SPECIFIER = "";
				PRODUCT_BUNDLE_IDENTIFIER = com.applicaster.ZappiOS;
				PRODUCT_NAME = "$(TARGET_NAME)";
				PROVISIONING_PROFILE_SPECIFIER = "$(MAIN_PROV_PROFILE_SPECIFIER)";
				SWIFT_COMPILATION_MODE = singlefile;
				SWIFT_OBJC_BRIDGING_HEADER = "ZappiOS/ZappiOS-Bridging-Header.h";
			};
			name = Release;
		};
		1D30F6AC23CB298000DDD86F /* Debug */ = {
			isa = XCBuildConfiguration;
			baseConfigurationReference = A9C5D8DDDBA59C5D9F3C5B4B /* Pods-ZappiOSTests.debug.xcconfig */;
			buildSettings = {
				ALWAYS_EMBED_SWIFT_STANDARD_LIBRARIES = YES;
				BUNDLE_LOADER = "$(TEST_HOST)";
				CODE_SIGN_STYLE = Manual;
				DEVELOPMENT_TEAM = "";
				INFOPLIST_FILE = ZappiOSTests/Info.plist;
				IPHONEOS_DEPLOYMENT_TARGET = 13.2;
				LD_RUNPATH_SEARCH_PATHS = (
					"$(inherited)",
					"@executable_path/Frameworks",
					"@loader_path/Frameworks",
				);
				PRODUCT_BUNDLE_IDENTIFIER = com.applicaster.ZappiOSTests;
				PRODUCT_NAME = "$(TARGET_NAME)";
				PROVISIONING_PROFILE_SPECIFIER = "";
				"PROVISIONING_PROFILE_SPECIFIER[sdk=macosx*]" = "";
				SWIFT_VERSION = 5.0;
				TARGETED_DEVICE_FAMILY = "1,2";
				TEST_HOST = "$(BUILT_PRODUCTS_DIR)/ZappiOS.app/ZappiOS";
			};
			name = Debug;
		};
		1D30F6AD23CB298000DDD86F /* Release */ = {
			isa = XCBuildConfiguration;
			baseConfigurationReference = 9DE1E4F2BB238AD9FBF3544E /* Pods-ZappiOSTests.release.xcconfig */;
			buildSettings = {
				ALWAYS_EMBED_SWIFT_STANDARD_LIBRARIES = YES;
				BUNDLE_LOADER = "$(TEST_HOST)";
				CODE_SIGN_STYLE = Manual;
				DEVELOPMENT_TEAM = "";
				INFOPLIST_FILE = ZappiOSTests/Info.plist;
				IPHONEOS_DEPLOYMENT_TARGET = 13.2;
				LD_RUNPATH_SEARCH_PATHS = (
					"$(inherited)",
					"@executable_path/Frameworks",
					"@loader_path/Frameworks",
				);
				PRODUCT_BUNDLE_IDENTIFIER = com.applicaster.ZappiOSTests;
				PRODUCT_NAME = "$(TARGET_NAME)";
				PROVISIONING_PROFILE_SPECIFIER = "";
				"PROVISIONING_PROFILE_SPECIFIER[sdk=macosx*]" = "";
				SWIFT_VERSION = 5.0;
				TARGETED_DEVICE_FAMILY = "1,2";
				TEST_HOST = "$(BUILT_PRODUCTS_DIR)/ZappiOS.app/ZappiOS";
			};
			name = Release;
		};
		1D30F6AF23CB298000DDD86F /* Debug */ = {
			isa = XCBuildConfiguration;
			buildSettings = {
				ALWAYS_EMBED_SWIFT_STANDARD_LIBRARIES = YES;
				CODE_SIGN_STYLE = Manual;
				DEVELOPMENT_TEAM = "";
				INFOPLIST_FILE = ZappiOSUITests/Info.plist;
				LD_RUNPATH_SEARCH_PATHS = (
					"$(inherited)",
					"@executable_path/Frameworks",
					"@loader_path/Frameworks",
				);
				PRODUCT_BUNDLE_IDENTIFIER = com.applicaster.ZappiOSUITests;
				PRODUCT_NAME = "$(TARGET_NAME)";
				PROVISIONING_PROFILE_SPECIFIER = "";
				"PROVISIONING_PROFILE_SPECIFIER[sdk=macosx*]" = "";
				SWIFT_VERSION = 5.0;
				TARGETED_DEVICE_FAMILY = "1,2";
				TEST_TARGET_NAME = ZappiOS;
			};
			name = Debug;
		};
		1D30F6B023CB298000DDD86F /* Release */ = {
			isa = XCBuildConfiguration;
			buildSettings = {
				ALWAYS_EMBED_SWIFT_STANDARD_LIBRARIES = YES;
				CODE_SIGN_STYLE = Manual;
				DEVELOPMENT_TEAM = "";
				INFOPLIST_FILE = ZappiOSUITests/Info.plist;
				LD_RUNPATH_SEARCH_PATHS = (
					"$(inherited)",
					"@executable_path/Frameworks",
					"@loader_path/Frameworks",
				);
				PRODUCT_BUNDLE_IDENTIFIER = com.applicaster.ZappiOSUITests;
				PRODUCT_NAME = "$(TARGET_NAME)";
				PROVISIONING_PROFILE_SPECIFIER = "";
				"PROVISIONING_PROFILE_SPECIFIER[sdk=macosx*]" = "";
				SWIFT_VERSION = 5.0;
				TARGETED_DEVICE_FAMILY = "1,2";
				TEST_TARGET_NAME = ZappiOS;
			};
			name = Release;
		};
		1D68DC4C2483B16000844CB3 /* Debug */ = {
			isa = XCBuildConfiguration;
			buildSettings = {
				CLANG_CXX_LIBRARY = "libc++";
				CODE_SIGN_ENTITLEMENTS = "$(TARGET_NAME)/Entitlements/$(TARGET_NAME)-Debug.entitlements";
				CODE_SIGN_IDENTITY = "iPhone Developer";
				CODE_SIGN_STYLE = Manual;
				DEVELOPMENT_TEAM = "";
				INFOPLIST_FILE = NotificationContentExtension/Info.plist;
				IPHONEOS_DEPLOYMENT_TARGET = 11.0;
				LD_RUNPATH_SEARCH_PATHS = (
					"$(inherited)",
					"@executable_path/Frameworks",
					"@executable_path/../../Frameworks",
				);
				NOTIFICATION_CONTENT_EXTENSION_PROV_PROFILE_SPECIFIER = "";
				PRODUCT_BUNDLE_IDENTIFIER = com.applicaster.ZappiOS.NotificationContentExtension;
				PRODUCT_NAME = "$(TARGET_NAME)";
				PROVISIONING_PROFILE_SPECIFIER = "$(NOTIFICATION_CONTENT_EXTENSION_PROV_PROFILE_SPECIFIER)";
				SKIP_INSTALL = YES;
				TARGETED_DEVICE_FAMILY = "1,2";
			};
			name = Debug;
		};
		1D68DC4D2483B16000844CB3 /* Release */ = {
			isa = XCBuildConfiguration;
			buildSettings = {
				CLANG_CXX_LIBRARY = "libc++";
				CODE_SIGN_ENTITLEMENTS = "$(TARGET_NAME)/Entitlements/$(TARGET_NAME)-Release.entitlements";
				CODE_SIGN_IDENTITY = "iPhone Distribution";
				CODE_SIGN_STYLE = Manual;
				DEVELOPMENT_TEAM = "";
				INFOPLIST_FILE = NotificationContentExtension/Info.plist;
				IPHONEOS_DEPLOYMENT_TARGET = 11.0;
				LD_RUNPATH_SEARCH_PATHS = (
					"$(inherited)",
					"@executable_path/Frameworks",
					"@executable_path/../../Frameworks",
				);
				NOTIFICATION_CONTENT_EXTENSION_PROV_PROFILE_SPECIFIER = "";
				PRODUCT_BUNDLE_IDENTIFIER = com.applicaster.ZappiOS.NotificationContentExtension;
				PRODUCT_NAME = "$(TARGET_NAME)";
				PROVISIONING_PROFILE_SPECIFIER = "$(NOTIFICATION_CONTENT_EXTENSION_PROV_PROFILE_SPECIFIER)";
				SKIP_INSTALL = YES;
				TARGETED_DEVICE_FAMILY = "1,2";
			};
			name = Release;
		};
/* End XCBuildConfiguration section */

/* Begin XCConfigurationList section */
		1D18FB7023CFB6F00018D15E /* Build configuration list for PBXNativeTarget "NotificationServiceExtension" */ = {
			isa = XCConfigurationList;
			buildConfigurations = (
				1D18FB6E23CFB6F00018D15E /* Debug */,
				1D18FB6F23CFB6F00018D15E /* Release */,
			);
			defaultConfigurationIsVisible = 0;
			defaultConfigurationName = Release;
		};
		1D30F67923CB297F00DDD86F /* Build configuration list for PBXProject "ZappiOS" */ = {
			isa = XCConfigurationList;
			buildConfigurations = (
				1D30F6A623CB298000DDD86F /* Debug */,
				1D30F6A723CB298000DDD86F /* Release */,
			);
			defaultConfigurationIsVisible = 0;
			defaultConfigurationName = Release;
		};
		1D30F6A823CB298000DDD86F /* Build configuration list for PBXNativeTarget "ZappiOS" */ = {
			isa = XCConfigurationList;
			buildConfigurations = (
				1D30F6A923CB298000DDD86F /* Debug */,
				1D30F6AA23CB298000DDD86F /* Release */,
			);
			defaultConfigurationIsVisible = 0;
			defaultConfigurationName = Release;
		};
		1D30F6AB23CB298000DDD86F /* Build configuration list for PBXNativeTarget "ZappiOSTests" */ = {
			isa = XCConfigurationList;
			buildConfigurations = (
				1D30F6AC23CB298000DDD86F /* Debug */,
				1D30F6AD23CB298000DDD86F /* Release */,
			);
			defaultConfigurationIsVisible = 0;
			defaultConfigurationName = Release;
		};
		1D30F6AE23CB298000DDD86F /* Build configuration list for PBXNativeTarget "ZappiOSUITests" */ = {
			isa = XCConfigurationList;
			buildConfigurations = (
				1D30F6AF23CB298000DDD86F /* Debug */,
				1D30F6B023CB298000DDD86F /* Release */,
			);
			defaultConfigurationIsVisible = 0;
			defaultConfigurationName = Release;
		};
		1D68DC4E2483B16000844CB3 /* Build configuration list for PBXNativeTarget "NotificationContentExtension" */ = {
			isa = XCConfigurationList;
			buildConfigurations = (
				1D68DC4C2483B16000844CB3 /* Debug */,
				1D68DC4D2483B16000844CB3 /* Release */,
			);
			defaultConfigurationIsVisible = 0;
			defaultConfigurationName = Release;
		};
/* End XCConfigurationList section */
	};
	rootObject = 1D30F67623CB297F00DDD86F /* Project object */;
}
