PODS:
  - AppCenter/Analytics (3.0.0):
    - AppCenter/Core
  - AppCenter/Core (3.0.0)
  - AppCenter/Distribute (3.0.0):
    - AppCenter/Core
  - boost-for-react-native (1.63.0)
  - DoubleConversion (1.1.6)
  - Folly (2018.10.22.00):
    - boost-for-react-native
    - DoubleConversion
    - glog
  - glog (0.3.5)
  - QuickBrickApple (1.2.0):
    - React
    - ZappCore
  - ReachabilitySwift (5.0.0)
  - React (0.59.10):
    - React/Core (= 0.59.10)
  - React/Core (0.59.10):
    - yoga (= 0.59.10.React)
  - React/CxxBridge (0.59.10):
    - Folly (= 2018.10.22.00)
    - React/Core
    - React/cxxreact
    - React/jsiexecutor
  - React/cxxreact (0.59.10):
    - boost-for-react-native (= 1.63.0)
    - DoubleConversion
    - Folly (= 2018.10.22.00)
    - glog
    - React/jsinspector
  - React/DevSupport (0.59.10):
    - React/Core
    - React/RCTWebSocket
  - React/fishhook (0.59.10)
  - React/jsi (0.59.10):
    - DoubleConversion
    - Folly (= 2018.10.22.00)
    - glog
  - React/jsiexecutor (0.59.10):
    - DoubleConversion
    - Folly (= 2018.10.22.00)
    - glog
    - React/cxxreact
    - React/jsi
  - React/jsinspector (0.59.10)
  - React/RCTActionSheet (0.59.10):
    - React/Core
  - React/RCTAnimation (0.59.10):
    - React/Core
  - React/RCTBlob (0.59.10):
    - React/Core
  - React/RCTImage (0.59.10):
    - React/Core
    - React/RCTNetwork
  - React/RCTLinkingIOS (0.59.10):
    - React/Core
  - React/RCTNetwork (0.59.10):
    - React/Core
  - React/RCTPushNotification (0.59.10):
    - React/Core
  - React/RCTSettings (0.59.10):
    - React/Core
  - React/RCTText (0.59.10):
    - React/Core
  - React/RCTWebSocket (0.59.10):
    - React/Core
    - React/fishhook
    - React/RCTBlob
  - yoga (0.59.10.React)
  - ZappAnalyticsPluginsSDK (11.0.0):
    - ZappPlugins
  - ZappApple (0.7.5):
    - AppCenter/Analytics (= 3.0.0)
    - AppCenter/Distribute (= 3.0.0)
    - ReachabilitySwift (= 5.0.0)
    - ZappCore
  - ZappCore (0.9.3)
  - ZappPlugins (11.6.1):
    - ZappCore
  - ZappPushPluginsSDK (11.0.1):
    - ZappCore
    - ZappPlugins

DEPENDENCIES:
  - DoubleConversion (from `./node_modules/react-native/third-party-podspecs/DoubleConversion.podspec`)
  - Folly (from `./node_modules/react-native/third-party-podspecs/Folly.podspec`)
  - glog (from `./node_modules/react-native/third-party-podspecs/GLog.podspec`)
  - "QuickBrickApple (from `./node_modules/@applicaster/quick-brick-native-apple/QuickBrickApple.podspec`)"
  - React/Core (from `./node_modules/react-native`)
  - React/CxxBridge (from `./node_modules/react-native`)
  - React/DevSupport (from `./node_modules/react-native`)
  - React/RCTActionSheet (from `./node_modules/react-native`)
  - React/RCTAnimation (from `./node_modules/react-native`)
  - React/RCTImage (from `./node_modules/react-native`)
  - React/RCTLinkingIOS (from `./node_modules/react-native`)
  - React/RCTNetwork (from `./node_modules/react-native`)
  - React/RCTPushNotification (from `./node_modules/react-native`)
  - React/RCTSettings (from `./node_modules/react-native`)
  - React/RCTText (from `./node_modules/react-native`)
  - React/RCTWebSocket (from `./node_modules/react-native`)
  - yoga (from `./node_modules/react-native/ReactCommon/yoga`)
  - ZappAnalyticsPluginsSDK (= 11.0.0)
  - ZappApple (= 0.7.5)
  - ZappCore (= 0.9.3)
  - ZappPlugins (= 11.6.1)
  - ZappPushPluginsSDK (= 11.0.1)

SPEC REPOS:
  "git@github.com:applicaster/CocoaPods.git":
    - ZappAnalyticsPluginsSDK
    - ZappApple
    - ZappCore
    - ZappPlugins
    - ZappPushPluginsSDK
  trunk:
    - AppCenter
    - boost-for-react-native
    - ReachabilitySwift

EXTERNAL SOURCES:
  DoubleConversion:
    :podspec: "./node_modules/react-native/third-party-podspecs/DoubleConversion.podspec"
  Folly:
    :podspec: "./node_modules/react-native/third-party-podspecs/Folly.podspec"
  glog:
    :podspec: "./node_modules/react-native/third-party-podspecs/GLog.podspec"
  QuickBrickApple:
    :path: "./node_modules/@applicaster/quick-brick-native-apple/QuickBrickApple.podspec"
  React:
    :path: "./node_modules/react-native"
  yoga:
    :path: "./node_modules/react-native/ReactCommon/yoga"

SPEC CHECKSUMS:
  AppCenter: 7a0bbe928d07467ac8b2d7f6f2a675872a6471d8
  boost-for-react-native: 39c7adb57c4e60d6c5479dd8623128eb5b3f0f2c
  DoubleConversion: bb338842f62ab1d708ceb63ec3d999f0f3d98ecd
  Folly: de497beb10f102453a1afa9edbf8cf8a251890de
  glog: aefd1eb5dda2ab95ba0938556f34b98e2da3a60d
  QuickBrickApple: a0e69b81761c0e267c8dfdd268a9c20fff904967
  ReachabilitySwift: 985039c6f7b23a1da463388634119492ff86c825
  React: 4e3f5b96a6da3aea5499edb40ac7afb511bb666a
  yoga: 684513b14b03201579ba3cee20218c9d1298b0cc
  ZappAnalyticsPluginsSDK: 0b33b53031e6c1a3c32b4ff25fb63d6e78d8380f
  ZappApple: 08c8705ace9a0278355a59958b239220ffc5cb8a
  ZappCore: 724f40e9e68f0d89e142740cddac2eb034825160
  ZappPlugins: 3df39f7ee3dcf864361297e0226d8bc8fa238ad4
  ZappPushPluginsSDK: 8d4e0402d2ebb94974aa88807885db70d6d976e4

PODFILE CHECKSUM: 3f0b532ee2d352d5e2a5c17d667d76efc8d4963a

COCOAPODS: 1.9.0
