PODS:
  - AppCenter/Core (2.5.3)
  - AppCenter/Distribute (2.5.3):
    - AppCenter/Core
  - boost-for-react-native (1.63.0)
  - DoubleConversion (1.1.6)
  - Folly (2018.10.22.00):
    - boost-for-react-native
    - DoubleConversion
    - glog
  - glog (0.3.5)
  - QuickBrickApple (1.1.0):
    - React
    - ZappCore
  - ReachabilitySwift (5.0.0)
  - React (0.59.10):
    - React/Core (= 0.59.10)
  - React/Core (0.59.10):
    - yoga (= 0.59.10.React)
  - React/CxxBridge (0.59.10):
    - Folly (= 2018.10.22.00)
    - React/Core
    - React/cxxreact
    - React/jsiexecutor
  - React/cxxreact (0.59.10):
    - boost-for-react-native (= 1.63.0)
    - DoubleConversion
    - Folly (= 2018.10.22.00)
    - glog
    - React/jsinspector
  - React/DevSupport (0.59.10):
    - React/Core
    - React/RCTWebSocket
  - React/fishhook (0.59.10)
  - React/jsi (0.59.10):
    - DoubleConversion
    - Folly (= 2018.10.22.00)
    - glog
  - React/jsiexecutor (0.59.10):
    - DoubleConversion
    - Folly (= 2018.10.22.00)
    - glog
    - React/cxxreact
    - React/jsi
  - React/jsinspector (0.59.10)
  - React/RCTActionSheet (0.59.10):
    - React/Core
  - React/RCTAnimation (0.59.10):
    - React/Core
  - React/RCTBlob (0.59.10):
    - React/Core
  - React/RCTImage (0.59.10):
    - React/Core
    - React/RCTNetwork
  - React/RCTLinkingIOS (0.59.10):
    - React/Core
  - React/RCTNetwork (0.59.10):
    - React/Core
  - React/RCTPushNotification (0.59.10):
    - React/Core
  - React/RCTSettings (0.59.10):
    - React/Core
  - React/RCTText (0.59.10):
    - React/Core
  - React/RCTWebSocket (0.59.10):
    - React/Core
    - React/fishhook
    - React/RCTBlob
  - yoga (0.59.10.React)
  - ZappApple (0.4.0):
    - AppCenter/Distribute (= 2.5.3)
    - ReachabilitySwift (= 5.0.0)
    - ZappCore
  - ZappCore (0.7.0)

DEPENDENCIES:
  - DoubleConversion (from `./node_modules/react-native/third-party-podspecs/DoubleConversion.podspec`)
  - Folly (from `./node_modules/react-native/third-party-podspecs/Folly.podspec`)
  - glog (from `./node_modules/react-native/third-party-podspecs/GLog.podspec`)
  - "QuickBrickApple (from `./node_modules/@applicaster/quick-brick-native-apple/QuickBrickApple.podspec`)"
  - React/Core (from `./node_modules/react-native`)
  - React/CxxBridge (from `./node_modules/react-native`)
  - React/DevSupport (from `./node_modules/react-native`)
  - React/RCTActionSheet (from `./node_modules/react-native`)
  - React/RCTAnimation (from `./node_modules/react-native`)
  - React/RCTImage (from `./node_modules/react-native`)
  - React/RCTLinkingIOS (from `./node_modules/react-native`)
  - React/RCTNetwork (from `./node_modules/react-native`)
  - React/RCTPushNotification (from `./node_modules/react-native`)
  - React/RCTSettings (from `./node_modules/react-native`)
  - React/RCTText (from `./node_modules/react-native`)
  - React/RCTWebSocket (from `./node_modules/react-native`)
  - yoga (from `./node_modules/react-native/ReactCommon/yoga`)
  - ZappApple (from `/Users/antonkononenko/Work3/AppleFrameworks/ZappApple.podspec`)
  - ZappCore (from `/Users/antonkononenko/Work3/AppleFrameworks/ZappCore.podspec`)

SPEC REPOS:
  trunk:
    - AppCenter
    - boost-for-react-native
    - ReachabilitySwift

EXTERNAL SOURCES:
  DoubleConversion:
    :podspec: "./node_modules/react-native/third-party-podspecs/DoubleConversion.podspec"
  Folly:
    :podspec: "./node_modules/react-native/third-party-podspecs/Folly.podspec"
  glog:
    :podspec: "./node_modules/react-native/third-party-podspecs/GLog.podspec"
  QuickBrickApple:
    :path: "./node_modules/@applicaster/quick-brick-native-apple/QuickBrickApple.podspec"
  React:
    :path: "./node_modules/react-native"
  yoga:
    :path: "./node_modules/react-native/ReactCommon/yoga"
  ZappApple:
    :path: "/Users/antonkononenko/Work3/AppleFrameworks/ZappApple.podspec"
  ZappCore:
    :path: "/Users/antonkononenko/Work3/AppleFrameworks/ZappCore.podspec"

SPEC CHECKSUMS:
  AppCenter: 765ff38c4d360fc5ec61b61a8be24d74cd6d4d83
  boost-for-react-native: 39c7adb57c4e60d6c5479dd8623128eb5b3f0f2c
  DoubleConversion: bb338842f62ab1d708ceb63ec3d999f0f3d98ecd
  Folly: de497beb10f102453a1afa9edbf8cf8a251890de
  glog: aefd1eb5dda2ab95ba0938556f34b98e2da3a60d
  QuickBrickApple: c16c031101a90431b04b753406bed6bc40c33fdb
  ReachabilitySwift: 985039c6f7b23a1da463388634119492ff86c825
  React: 4e3f5b96a6da3aea5499edb40ac7afb511bb666a
  yoga: 684513b14b03201579ba3cee20218c9d1298b0cc
  ZappApple: e41172cb8f23e943a8d0bcca87b862df8e60012c
  ZappCore: 6652d6eab09e6c4721dea925d668e5cde1892532

PODFILE CHECKSUM: d1eddda224b0e61677c265c6736e707f656de160

COCOAPODS: 1.8.4
